<?xml version="1.0"?>
<plist version="1.0">
	<dict>
		<key>archiveVersion</key>
		<string>1</string>
		<key>classes</key>
		<dict />
		<key>objectVersion</key>
		<string>46</string>
		<key>objects</key>
		<dict>
			<key>F85821DB7B266B0264A6F0D2</key>
			<dict>
				<key>explicitFileType</key>
				<string>sourcecode.c.h</string>
				<key>fileEncoding</key>
				<string>30</string>
				<key>isa</key>
				<string>PBXFileReference</string>
				<key>name</key>
				<string>ofxSpreadsheet.h</string>
				<key>path</key>
				<string>../../../addons/ofxSpreadsheet/src/ofxSpreadsheet.h</string>
				<key>sourceTree</key>
				<string>SOURCE_ROOT</string>
			</dict>
			<key>BEAAB3CE592003528EE80B20</key>
			<dict>
				<key>children</key>
				<array>
					<string>DA909CA0D5C0273C635FE76A</string>
					<string>F85821DB7B266B0264A6F0D2</string>
				</array>
				<key>isa</key>
				<string>PBXGroup</string>
				<key>name</key>
				<string>src</string>
				<key>sourceTree</key>
				<string>&lt;group&gt;</string>
			</dict>
			<key>FAF3C98005AB368C2280B1FB</key>
			<dict>
				<key>children</key>
				<array>
					<string>BEAAB3CE592003528EE80B20</string>
				</array>
				<key>isa</key>
				<string>PBXGroup</string>
				<key>name</key>
				<string>ofxSpreadsheet</string>
				<key>sourceTree</key>
				<string>&lt;group&gt;</string>
			</dict>
			<key>1A8D816B38E38D1773A8B963</key>
			<dict>
				<key>fileRef</key>
				<string>DA909CA0D5C0273C635FE76A</string>
				<key>isa</key>
				<string>PBXBuildFile</string>
			</dict>
			<key>DA909CA0D5C0273C635FE76A</key>
			<dict>
				<key>explicitFileType</key>
				<string>sourcecode.cpp.cpp</string>
				<key>fileEncoding</key>
				<string>30</string>
				<key>isa</key>
				<string>PBXFileReference</string>
				<key>name</key>
				<string>ofxSpreadsheet.cpp</string>
				<key>path</key>
				<string>../../../addons/ofxSpreadsheet/src/ofxSpreadsheet.cpp</string>
				<key>sourceTree</key>
				<string>SOURCE_ROOT</string>
			</dict>
			<key>C6937888E126BADC8777423B</key>
			<dict>
				<key>explicitFileType</key>
				<string>sourcecode.c.h</string>
				<key>fileEncoding</key>
				<string>30</string>
				<key>isa</key>
				<string>PBXFileReference</string>
				<key>name</key>
				<string>OscTypes.h</string>
				<key>path</key>
				<string>../../../addons/ofxOsc/libs/oscpack/src/osc/OscTypes.h</string>
				<key>sourceTree</key>
				<string>SOURCE_ROOT</string>
			</dict>
			<key>879A251454401BC0B6E4F238</key>
			<dict>
				<key>fileRef</key>
				<string>D9BFFBBF4CC43DEE890B3C3E</string>
				<key>isa</key>
				<string>PBXBuildFile</string>
			</dict>
			<key>D9BFFBBF4CC43DEE890B3C3E</key>
			<dict>
				<key>explicitFileType</key>
				<string>sourcecode.cpp.cpp</string>
				<key>fileEncoding</key>
				<string>30</string>
				<key>isa</key>
				<string>PBXFileReference</string>
				<key>name</key>
				<string>OscTypes.cpp</string>
				<key>path</key>
				<string>../../../addons/ofxOsc/libs/oscpack/src/osc/OscTypes.cpp</string>
				<key>sourceTree</key>
				<string>SOURCE_ROOT</string>
			</dict>
			<key>20F35AFADAF0068B067E713F</key>
			<dict>
				<key>explicitFileType</key>
				<string>sourcecode.c.h</string>
				<key>fileEncoding</key>
				<string>30</string>
				<key>isa</key>
				<string>PBXFileReference</string>
				<key>name</key>
				<string>OscReceivedElements.h</string>
				<key>path</key>
				<string>../../../addons/ofxOsc/libs/oscpack/src/osc/OscReceivedElements.h</string>
				<key>sourceTree</key>
				<string>SOURCE_ROOT</string>
			</dict>
			<key>0546D1A38E13BD319CC9755B</key>
			<dict>
				<key>fileRef</key>
				<string>9BF3AA0D4FAA89D0F8A0E545</string>
				<key>isa</key>
				<string>PBXBuildFile</string>
			</dict>
			<key>9BF3AA0D4FAA89D0F8A0E545</key>
			<dict>
				<key>explicitFileType</key>
				<string>sourcecode.cpp.cpp</string>
				<key>fileEncoding</key>
				<string>30</string>
				<key>isa</key>
				<string>PBXFileReference</string>
				<key>name</key>
				<string>OscReceivedElements.cpp</string>
				<key>path</key>
				<string>../../../addons/ofxOsc/libs/oscpack/src/osc/OscReceivedElements.cpp</string>
				<key>sourceTree</key>
				<string>SOURCE_ROOT</string>
			</dict>
			<key>4E95FB446A9C9C6F0DE12D75</key>
			<dict>
				<key>explicitFileType</key>
				<string>sourcecode.c.h</string>
				<key>fileEncoding</key>
				<string>30</string>
				<key>isa</key>
				<string>PBXFileReference</string>
				<key>name</key>
				<string>OscPrintReceivedElements.h</string>
				<key>path</key>
				<string>../../../addons/ofxOsc/libs/oscpack/src/osc/OscPrintReceivedElements.h</string>
				<key>sourceTree</key>
				<string>SOURCE_ROOT</string>
			</dict>
			<key>C4782ECC372420ACE0615B74</key>
			<dict>
				<key>fileRef</key>
				<string>BC8881B3C8C0A1C45F042E7A</string>
				<key>isa</key>
				<string>PBXBuildFile</string>
			</dict>
			<key>BC8881B3C8C0A1C45F042E7A</key>
			<dict>
				<key>explicitFileType</key>
				<string>sourcecode.cpp.cpp</string>
				<key>fileEncoding</key>
				<string>30</string>
				<key>isa</key>
				<string>PBXFileReference</string>
				<key>name</key>
				<string>OscPrintReceivedElements.cpp</string>
				<key>path</key>
				<string>../../../addons/ofxOsc/libs/oscpack/src/osc/OscPrintReceivedElements.cpp</string>
				<key>sourceTree</key>
				<string>SOURCE_ROOT</string>
			</dict>
			<key>6B65E6930994CC4B2D2B8B33</key>
			<dict>
				<key>explicitFileType</key>
				<string>sourcecode.c.h</string>
				<key>fileEncoding</key>
				<string>30</string>
				<key>isa</key>
				<string>PBXFileReference</string>
				<key>name</key>
				<string>OscPacketListener.h</string>
				<key>path</key>
				<string>../../../addons/ofxOsc/libs/oscpack/src/osc/OscPacketListener.h</string>
				<key>sourceTree</key>
				<string>SOURCE_ROOT</string>
			</dict>
			<key>029684CF678F70F6D3537A29</key>
			<dict>
				<key>explicitFileType</key>
				<string>sourcecode.c.h</string>
				<key>fileEncoding</key>
				<string>30</string>
				<key>isa</key>
				<string>PBXFileReference</string>
				<key>name</key>
				<string>OscOutboundPacketStream.h</string>
				<key>path</key>
				<string>../../../addons/ofxOsc/libs/oscpack/src/osc/OscOutboundPacketStream.h</string>
				<key>sourceTree</key>
				<string>SOURCE_ROOT</string>
			</dict>
			<key>62545D179C94265CA1389D4A</key>
			<dict>
				<key>fileRef</key>
				<string>63A47AC60FFAFC3BF093EC0F</string>
				<key>isa</key>
				<string>PBXBuildFile</string>
			</dict>
			<key>63A47AC60FFAFC3BF093EC0F</key>
			<dict>
				<key>explicitFileType</key>
				<string>sourcecode.cpp.cpp</string>
				<key>fileEncoding</key>
				<string>30</string>
				<key>isa</key>
				<string>PBXFileReference</string>
				<key>name</key>
				<string>OscOutboundPacketStream.cpp</string>
				<key>path</key>
				<string>../../../addons/ofxOsc/libs/oscpack/src/osc/OscOutboundPacketStream.cpp</string>
				<key>sourceTree</key>
				<string>SOURCE_ROOT</string>
			</dict>
			<key>A2AAA8CA403479E6FCDF920E</key>
			<dict>
				<key>explicitFileType</key>
				<string>sourcecode.c.h</string>
				<key>fileEncoding</key>
				<string>30</string>
				<key>isa</key>
				<string>PBXFileReference</string>
				<key>name</key>
				<string>OscHostEndianness.h</string>
				<key>path</key>
				<string>../../../addons/ofxOsc/libs/oscpack/src/osc/OscHostEndianness.h</string>
				<key>sourceTree</key>
				<string>SOURCE_ROOT</string>
			</dict>
			<key>F4F5B6B8BA2BD52C646ED908</key>
			<dict>
				<key>explicitFileType</key>
				<string>sourcecode.c.h</string>
				<key>fileEncoding</key>
				<string>30</string>
				<key>isa</key>
				<string>PBXFileReference</string>
				<key>name</key>
				<string>OscException.h</string>
				<key>path</key>
				<string>../../../addons/ofxOsc/libs/oscpack/src/osc/OscException.h</string>
				<key>sourceTree</key>
				<string>SOURCE_ROOT</string>
			</dict>
			<key>30CB364908817057B430D528</key>
			<dict>
				<key>children</key>
				<array>
					<string>AE335EB4709BFD4671EEAC84</string>
					<string>F4F5B6B8BA2BD52C646ED908</string>
					<string>A2AAA8CA403479E6FCDF920E</string>
					<string>63A47AC60FFAFC3BF093EC0F</string>
					<string>029684CF678F70F6D3537A29</string>
					<string>6B65E6930994CC4B2D2B8B33</string>
					<string>BC8881B3C8C0A1C45F042E7A</string>
					<string>4E95FB446A9C9C6F0DE12D75</string>
					<string>9BF3AA0D4FAA89D0F8A0E545</string>
					<string>20F35AFADAF0068B067E713F</string>
					<string>D9BFFBBF4CC43DEE890B3C3E</string>
					<string>C6937888E126BADC8777423B</string>
				</array>
				<key>isa</key>
				<string>PBXGroup</string>
				<key>name</key>
				<string>osc</string>
				<key>sourceTree</key>
				<string>&lt;group&gt;</string>
			</dict>
			<key>AE335EB4709BFD4671EEAC84</key>
			<dict>
				<key>explicitFileType</key>
				<string>sourcecode.c.h</string>
				<key>fileEncoding</key>
				<string>30</string>
				<key>isa</key>
				<string>PBXFileReference</string>
				<key>name</key>
				<string>MessageMappingOscPacketListener.h</string>
				<key>path</key>
				<string>../../../addons/ofxOsc/libs/oscpack/src/osc/MessageMappingOscPacketListener.h</string>
				<key>sourceTree</key>
				<string>SOURCE_ROOT</string>
			</dict>
			<key>2FD4B0329909D3527F003494</key>
			<dict>
				<key>explicitFileType</key>
				<string>sourcecode.c.h</string>
				<key>fileEncoding</key>
				<string>30</string>
				<key>isa</key>
				<string>PBXFileReference</string>
				<key>name</key>
				<string>UdpSocket.h</string>
				<key>path</key>
				<string>../../../addons/ofxOsc/libs/oscpack/src/ip/UdpSocket.h</string>
				<key>sourceTree</key>
				<string>SOURCE_ROOT</string>
			</dict>
			<key>444657A12E59D0ED86981498</key>
			<dict>
				<key>explicitFileType</key>
				<string>sourcecode.c.h</string>
				<key>fileEncoding</key>
				<string>30</string>
				<key>isa</key>
				<string>PBXFileReference</string>
				<key>name</key>
				<string>TimerListener.h</string>
				<key>path</key>
				<string>../../../addons/ofxOsc/libs/oscpack/src/ip/TimerListener.h</string>
				<key>sourceTree</key>
				<string>SOURCE_ROOT</string>
			</dict>
			<key>510CAFE035E576A4E1502D52</key>
			<dict>
				<key>fileRef</key>
				<string>E6DEF695B88BA5FAACEAA937</string>
				<key>isa</key>
				<string>PBXBuildFile</string>
			</dict>
			<key>E6DEF695B88BA5FAACEAA937</key>
			<dict>
				<key>explicitFileType</key>
				<string>sourcecode.cpp.cpp</string>
				<key>fileEncoding</key>
				<string>30</string>
				<key>isa</key>
				<string>PBXFileReference</string>
				<key>name</key>
				<string>UdpSocket.cpp</string>
				<key>path</key>
				<string>../../../addons/ofxOsc/libs/oscpack/src/ip/posix/UdpSocket.cpp</string>
				<key>sourceTree</key>
				<string>SOURCE_ROOT</string>
			</dict>
			<key>641362CA659FAFEE4E81001B</key>
			<dict>
				<key>children</key>
				<array>
					<string>3B361208CD4107E479F04E7B</string>
					<string>E6DEF695B88BA5FAACEAA937</string>
				</array>
				<key>isa</key>
				<string>PBXGroup</string>
				<key>name</key>
				<string>posix</string>
				<key>sourceTree</key>
				<string>&lt;group&gt;</string>
			</dict>
			<key>67FE4C7B15C2F0478C8126C2</key>
			<dict>
				<key>fileRef</key>
				<string>3B361208CD4107E479F04E7B</string>
				<key>isa</key>
				<string>PBXBuildFile</string>
			</dict>
			<key>3B361208CD4107E479F04E7B</key>
			<dict>
				<key>explicitFileType</key>
				<string>sourcecode.cpp.cpp</string>
				<key>fileEncoding</key>
				<string>30</string>
				<key>isa</key>
				<string>PBXFileReference</string>
				<key>name</key>
				<string>NetworkingUtils.cpp</string>
				<key>path</key>
				<string>../../../addons/ofxOsc/libs/oscpack/src/ip/posix/NetworkingUtils.cpp</string>
				<key>sourceTree</key>
				<string>SOURCE_ROOT</string>
			</dict>
			<key>23640F57DF6C4BB6BFC5DA4C</key>
			<dict>
				<key>explicitFileType</key>
				<string>sourcecode.c.h</string>
				<key>fileEncoding</key>
				<string>30</string>
				<key>isa</key>
				<string>PBXFileReference</string>
				<key>name</key>
				<string>PacketListener.h</string>
				<key>path</key>
				<string>../../../addons/ofxOsc/libs/oscpack/src/ip/PacketListener.h</string>
				<key>sourceTree</key>
				<string>SOURCE_ROOT</string>
			</dict>
			<key>F7FBC56859535E597B24BB91</key>
			<dict>
				<key>explicitFileType</key>
				<string>sourcecode.c.h</string>
				<key>fileEncoding</key>
				<string>30</string>
				<key>isa</key>
				<string>PBXFileReference</string>
				<key>name</key>
				<string>NetworkingUtils.h</string>
				<key>path</key>
				<string>../../../addons/ofxOsc/libs/oscpack/src/ip/NetworkingUtils.h</string>
				<key>sourceTree</key>
				<string>SOURCE_ROOT</string>
			</dict>
			<key>48974F980F51769171D0B2F5</key>
			<dict>
				<key>explicitFileType</key>
				<string>sourcecode.c.h</string>
				<key>fileEncoding</key>
				<string>30</string>
				<key>isa</key>
				<string>PBXFileReference</string>
				<key>name</key>
				<string>IpEndpointName.h</string>
				<key>path</key>
				<string>../../../addons/ofxOsc/libs/oscpack/src/ip/IpEndpointName.h</string>
				<key>sourceTree</key>
				<string>SOURCE_ROOT</string>
			</dict>
			<key>FF8CDF57858E9B94E3237115</key>
			<dict>
				<key>children</key>
				<array>
					<string>ADD194746185E2DA11468377</string>
					<string>48974F980F51769171D0B2F5</string>
					<string>F7FBC56859535E597B24BB91</string>
					<string>23640F57DF6C4BB6BFC5DA4C</string>
					<string>641362CA659FAFEE4E81001B</string>
					<string>444657A12E59D0ED86981498</string>
					<string>2FD4B0329909D3527F003494</string>
				</array>
				<key>isa</key>
				<string>PBXGroup</string>
				<key>name</key>
				<string>ip</string>
				<key>sourceTree</key>
				<string>&lt;group&gt;</string>
			</dict>
			<key>D27B2221A225CA523C019676</key>
			<dict>
				<key>children</key>
				<array>
					<string>FF8CDF57858E9B94E3237115</string>
					<string>30CB364908817057B430D528</string>
				</array>
				<key>isa</key>
				<string>PBXGroup</string>
				<key>name</key>
				<string>src</string>
				<key>sourceTree</key>
				<string>&lt;group&gt;</string>
			</dict>
			<key>86D2677079A3AF4A5A88E29A</key>
			<dict>
				<key>children</key>
				<array>
					<string>D27B2221A225CA523C019676</string>
				</array>
				<key>isa</key>
				<string>PBXGroup</string>
				<key>name</key>
				<string>oscpack</string>
				<key>sourceTree</key>
				<string>&lt;group&gt;</string>
			</dict>
			<key>38871A5825686AE018EC2BF0</key>
			<dict>
				<key>children</key>
				<array>
					<string>86D2677079A3AF4A5A88E29A</string>
				</array>
				<key>isa</key>
				<string>PBXGroup</string>
				<key>name</key>
				<string>libs</string>
				<key>sourceTree</key>
				<string>&lt;group&gt;</string>
			</dict>
			<key>ADE367465D2A8EBAD4C7A8D9</key>
			<dict>
				<key>fileRef</key>
				<string>ADD194746185E2DA11468377</string>
				<key>isa</key>
				<string>PBXBuildFile</string>
			</dict>
			<key>ADD194746185E2DA11468377</key>
			<dict>
				<key>explicitFileType</key>
				<string>sourcecode.cpp.cpp</string>
				<key>fileEncoding</key>
				<string>30</string>
				<key>isa</key>
				<string>PBXFileReference</string>
				<key>name</key>
				<string>IpEndpointName.cpp</string>
				<key>path</key>
				<string>../../../addons/ofxOsc/libs/oscpack/src/ip/IpEndpointName.cpp</string>
				<key>sourceTree</key>
				<string>SOURCE_ROOT</string>
			</dict>
			<key>9F7986DC4EB05E75FCE2C777</key>
			<dict>
				<key>explicitFileType</key>
				<string>sourcecode.c.h</string>
				<key>fileEncoding</key>
				<string>30</string>
				<key>isa</key>
				<string>PBXFileReference</string>
				<key>name</key>
				<string>ofxOscSender.h</string>
				<key>path</key>
				<string>../../../addons/ofxOsc/src/ofxOscSender.h</string>
				<key>sourceTree</key>
				<string>SOURCE_ROOT</string>
			</dict>
			<key>8F5205AEF8861EF234F0651A</key>
			<dict>
				<key>fileRef</key>
				<string>81967292BFC87A0144BD32C6</string>
				<key>isa</key>
				<string>PBXBuildFile</string>
			</dict>
			<key>81967292BFC87A0144BD32C6</key>
			<dict>
				<key>explicitFileType</key>
				<string>sourcecode.cpp.cpp</string>
				<key>fileEncoding</key>
				<string>30</string>
				<key>isa</key>
				<string>PBXFileReference</string>
				<key>name</key>
				<string>ofxOscSender.cpp</string>
				<key>path</key>
				<string>../../../addons/ofxOsc/src/ofxOscSender.cpp</string>
				<key>sourceTree</key>
				<string>SOURCE_ROOT</string>
			</dict>
			<key>8C75AFC8774A62495DD53464</key>
			<dict>
				<key>explicitFileType</key>
				<string>sourcecode.c.h</string>
				<key>fileEncoding</key>
				<string>30</string>
				<key>isa</key>
				<string>PBXFileReference</string>
				<key>name</key>
				<string>ofxOscReceiver.h</string>
				<key>path</key>
				<string>../../../addons/ofxOsc/src/ofxOscReceiver.h</string>
				<key>sourceTree</key>
				<string>SOURCE_ROOT</string>
			</dict>
			<key>640279EE111671BD026CB013</key>
			<dict>
				<key>fileRef</key>
				<string>C2FAC65C491D4231379F3298</string>
				<key>isa</key>
				<string>PBXBuildFile</string>
			</dict>
			<key>C2FAC65C491D4231379F3298</key>
			<dict>
				<key>explicitFileType</key>
				<string>sourcecode.cpp.cpp</string>
				<key>fileEncoding</key>
				<string>30</string>
				<key>isa</key>
				<string>PBXFileReference</string>
				<key>name</key>
				<string>ofxOscReceiver.cpp</string>
				<key>path</key>
				<string>../../../addons/ofxOsc/src/ofxOscReceiver.cpp</string>
				<key>sourceTree</key>
				<string>SOURCE_ROOT</string>
			</dict>
			<key>B31C608870ECEB2490A93736</key>
			<dict>
				<key>explicitFileType</key>
				<string>sourcecode.c.h</string>
				<key>fileEncoding</key>
				<string>30</string>
				<key>isa</key>
				<string>PBXFileReference</string>
				<key>name</key>
				<string>ofxOscParameterSync.h</string>
				<key>path</key>
				<string>../../../addons/ofxOsc/src/ofxOscParameterSync.h</string>
				<key>sourceTree</key>
				<string>SOURCE_ROOT</string>
			</dict>
			<key>4ADB88E2FB52E76A471065DE</key>
			<dict>
				<key>fileRef</key>
				<string>0AED834CE4DEC5260AF302A2</string>
				<key>isa</key>
				<string>PBXBuildFile</string>
			</dict>
			<key>0AED834CE4DEC5260AF302A2</key>
			<dict>
				<key>explicitFileType</key>
				<string>sourcecode.cpp.cpp</string>
				<key>fileEncoding</key>
				<string>30</string>
				<key>isa</key>
				<string>PBXFileReference</string>
				<key>name</key>
				<string>ofxOscParameterSync.cpp</string>
				<key>path</key>
				<string>../../../addons/ofxOsc/src/ofxOscParameterSync.cpp</string>
				<key>sourceTree</key>
				<string>SOURCE_ROOT</string>
			</dict>
			<key>C58862C6D212C8E8A83810F4</key>
			<dict>
				<key>explicitFileType</key>
				<string>sourcecode.c.h</string>
				<key>fileEncoding</key>
				<string>30</string>
				<key>isa</key>
				<string>PBXFileReference</string>
				<key>name</key>
				<string>ofxOscMessage.h</string>
				<key>path</key>
				<string>../../../addons/ofxOsc/src/ofxOscMessage.h</string>
				<key>sourceTree</key>
				<string>SOURCE_ROOT</string>
			</dict>
			<key>5864AD82E20F15536D054EA3</key>
			<dict>
				<key>fileRef</key>
				<string>DF49D76C45D5DB505A234880</string>
				<key>isa</key>
				<string>PBXBuildFile</string>
			</dict>
			<key>DF49D76C45D5DB505A234880</key>
			<dict>
				<key>explicitFileType</key>
				<string>sourcecode.cpp.cpp</string>
				<key>fileEncoding</key>
				<string>30</string>
				<key>isa</key>
				<string>PBXFileReference</string>
				<key>name</key>
				<string>ofxOscMessage.cpp</string>
				<key>path</key>
				<string>../../../addons/ofxOsc/src/ofxOscMessage.cpp</string>
				<key>sourceTree</key>
				<string>SOURCE_ROOT</string>
			</dict>
			<key>8B30E93FD3D3475EED522A0E</key>
			<dict>
				<key>explicitFileType</key>
				<string>sourcecode.c.h</string>
				<key>fileEncoding</key>
				<string>30</string>
				<key>isa</key>
				<string>PBXFileReference</string>
				<key>name</key>
				<string>ofxOscBundle.h</string>
				<key>path</key>
				<string>../../../addons/ofxOsc/src/ofxOscBundle.h</string>
				<key>sourceTree</key>
				<string>SOURCE_ROOT</string>
			</dict>
			<key>72A929D3561B8232A182ABFC</key>
			<dict>
				<key>fileRef</key>
				<string>65EEFA3DA3526E9CDD9C21F9</string>
				<key>isa</key>
				<string>PBXBuildFile</string>
			</dict>
			<key>65EEFA3DA3526E9CDD9C21F9</key>
			<dict>
				<key>explicitFileType</key>
				<string>sourcecode.cpp.cpp</string>
				<key>fileEncoding</key>
				<string>30</string>
				<key>isa</key>
				<string>PBXFileReference</string>
				<key>name</key>
				<string>ofxOscBundle.cpp</string>
				<key>path</key>
				<string>../../../addons/ofxOsc/src/ofxOscBundle.cpp</string>
				<key>sourceTree</key>
				<string>SOURCE_ROOT</string>
			</dict>
			<key>7689F8A0F3D0B7635A8C3104</key>
			<dict>
				<key>explicitFileType</key>
				<string>sourcecode.c.h</string>
				<key>fileEncoding</key>
				<string>30</string>
				<key>isa</key>
				<string>PBXFileReference</string>
				<key>name</key>
				<string>ofxOscArg.h</string>
				<key>path</key>
				<string>../../../addons/ofxOsc/src/ofxOscArg.h</string>
				<key>sourceTree</key>
				<string>SOURCE_ROOT</string>
			</dict>
			<key>BD2F1A9F8D0C05EDB29122D0</key>
			<dict>
				<key>children</key>
				<array>
					<string>00D6D32B84B099226431108C</string>
					<string>7689F8A0F3D0B7635A8C3104</string>
					<string>65EEFA3DA3526E9CDD9C21F9</string>
					<string>8B30E93FD3D3475EED522A0E</string>
					<string>DF49D76C45D5DB505A234880</string>
					<string>C58862C6D212C8E8A83810F4</string>
					<string>0AED834CE4DEC5260AF302A2</string>
					<string>B31C608870ECEB2490A93736</string>
					<string>C2FAC65C491D4231379F3298</string>
					<string>8C75AFC8774A62495DD53464</string>
					<string>81967292BFC87A0144BD32C6</string>
					<string>9F7986DC4EB05E75FCE2C777</string>
				</array>
				<key>isa</key>
				<string>PBXGroup</string>
				<key>name</key>
				<string>src</string>
				<key>sourceTree</key>
				<string>&lt;group&gt;</string>
			</dict>
			<key>E6053AB7FEC63D5F83825B88</key>
			<dict>
				<key>children</key>
				<array>
					<string>BD2F1A9F8D0C05EDB29122D0</string>
					<string>38871A5825686AE018EC2BF0</string>
				</array>
				<key>isa</key>
				<string>PBXGroup</string>
				<key>name</key>
				<string>ofxOsc</string>
				<key>sourceTree</key>
				<string>&lt;group&gt;</string>
			</dict>
			<key>00D6D32B84B099226431108C</key>
			<dict>
				<key>explicitFileType</key>
				<string>sourcecode.c.h</string>
				<key>fileEncoding</key>
				<string>30</string>
				<key>isa</key>
				<string>PBXFileReference</string>
				<key>name</key>
				<string>ofxOsc.h</string>
				<key>path</key>
				<string>../../../addons/ofxOsc/src/ofxOsc.h</string>
				<key>sourceTree</key>
				<string>SOURCE_ROOT</string>
			</dict>
			<key>83D00E9B4CBB3ED9DA15D13F</key>
			<dict>
				<key>explicitFileType</key>
				<string>sourcecode.c.h</string>
				<key>fileEncoding</key>
				<string>30</string>
				<key>isa</key>
				<string>PBXFileReference</string>
				<key>name</key>
				<string>ofxLearn.h</string>
				<key>path</key>
				<string>../../../addons/ofxLearn/src/ofxLearn.h</string>
				<key>sourceTree</key>
				<string>SOURCE_ROOT</string>
			</dict>
			<key>B48E854452A4D54138A6E575</key>
			<dict>
				<key>children</key>
				<array>
					<string>44C084EAD8CAB2888C304DC4</string>
					<string>83D00E9B4CBB3ED9DA15D13F</string>
				</array>
				<key>isa</key>
				<string>PBXGroup</string>
				<key>name</key>
				<string>src</string>
				<key>sourceTree</key>
				<string>&lt;group&gt;</string>
			</dict>
			<key>56D233F3C7EBCCB4AA95731A</key>
			<dict>
				<key>children</key>
				<array>
					<string>B48E854452A4D54138A6E575</string>
				</array>
				<key>isa</key>
				<string>PBXGroup</string>
				<key>name</key>
				<string>ofxLearn</string>
				<key>sourceTree</key>
				<string>&lt;group&gt;</string>
			</dict>
			<key>D06D0B40E2596F7C2A58F39F</key>
			<dict>
				<key>fileRef</key>
				<string>44C084EAD8CAB2888C304DC4</string>
				<key>isa</key>
				<string>PBXBuildFile</string>
			</dict>
			<key>44C084EAD8CAB2888C304DC4</key>
			<dict>
				<key>explicitFileType</key>
				<string>sourcecode.cpp.cpp</string>
				<key>fileEncoding</key>
				<string>30</string>
				<key>isa</key>
				<string>PBXFileReference</string>
				<key>name</key>
				<string>ofxLearn.cpp</string>
				<key>path</key>
				<string>../../../addons/ofxLearn/src/ofxLearn.cpp</string>
				<key>sourceTree</key>
				<string>SOURCE_ROOT</string>
			</dict>
			<key>19353B848D00463F2E36BB2E</key>
			<dict>
				<key>explicitFileType</key>
				<string>sourcecode.c.h</string>
				<key>fileEncoding</key>
				<string>30</string>
				<key>isa</key>
				<string>PBXFileReference</string>
				<key>name</key>
				<string>ofxKinectV2OSC.h</string>
				<key>path</key>
				<string>../../../addons/ofxKinectV2-OSC/src/ofxKinectV2OSC.h</string>
				<key>sourceTree</key>
				<string>SOURCE_ROOT</string>
			</dict>
			<key>F8C594EDF5A25FA2F042074C</key>
			<dict>
				<key>fileRef</key>
				<string>A1E489615DA9497A4B4D8CEA</string>
				<key>isa</key>
				<string>PBXBuildFile</string>
			</dict>
			<key>A1E489615DA9497A4B4D8CEA</key>
			<dict>
				<key>explicitFileType</key>
				<string>sourcecode.cpp.cpp</string>
				<key>fileEncoding</key>
				<string>30</string>
				<key>isa</key>
				<string>PBXFileReference</string>
				<key>name</key>
				<string>ofxKinectV2OSC.cpp</string>
				<key>path</key>
				<string>../../../addons/ofxKinectV2-OSC/src/ofxKinectV2OSC.cpp</string>
				<key>sourceTree</key>
				<string>SOURCE_ROOT</string>
			</dict>
			<key>5F65D1A5ACE820704E38750D</key>
			<dict>
				<key>explicitFileType</key>
				<string>sourcecode.c.h</string>
				<key>fileEncoding</key>
				<string>30</string>
				<key>isa</key>
				<string>PBXFileReference</string>
				<key>name</key>
				<string>ofxMocapElement.h</string>
				<key>path</key>
				<string>../../../addons/ofxKinectV2-OSC/src/FeatureTracker/ofxMocapElement.h</string>
				<key>sourceTree</key>
				<string>SOURCE_ROOT</string>
			</dict>
			<key>BEC992F9F345765B800F6257</key>
			<dict>
				<key>fileRef</key>
				<string>401DD66BE0153C74F23EAF54</string>
				<key>isa</key>
				<string>PBXBuildFile</string>
			</dict>
			<key>401DD66BE0153C74F23EAF54</key>
			<dict>
				<key>explicitFileType</key>
				<string>sourcecode.cpp.cpp</string>
				<key>fileEncoding</key>
				<string>30</string>
				<key>isa</key>
				<string>PBXFileReference</string>
				<key>name</key>
				<string>ofxMocapElement.cpp</string>
				<key>path</key>
				<string>../../../addons/ofxKinectV2-OSC/src/FeatureTracker/ofxMocapElement.cpp</string>
				<key>sourceTree</key>
				<string>SOURCE_ROOT</string>
			</dict>
			<key>A26B6D97B745FDE40A4BD93B</key>
			<dict>
				<key>explicitFileType</key>
				<string>sourcecode.c.h</string>
				<key>fileEncoding</key>
				<string>30</string>
				<key>isa</key>
				<string>PBXFileReference</string>
				<key>name</key>
				<string>ofxKinectSkeleton.h</string>
				<key>path</key>
				<string>../../../addons/ofxKinectV2-OSC/src/FeatureTracker/ofxKinectSkeleton.h</string>
				<key>sourceTree</key>
				<string>SOURCE_ROOT</string>
			</dict>
			<key>03D5C4D97248313384263DB8</key>
			<dict>
				<key>fileRef</key>
				<string>1673E69423E1E430993D9E4B</string>
				<key>isa</key>
				<string>PBXBuildFile</string>
			</dict>
			<key>1673E69423E1E430993D9E4B</key>
			<dict>
				<key>explicitFileType</key>
				<string>sourcecode.cpp.cpp</string>
				<key>fileEncoding</key>
				<string>30</string>
				<key>isa</key>
				<string>PBXFileReference</string>
				<key>name</key>
				<string>ofxKinectSkeleton.cpp</string>
				<key>path</key>
				<string>../../../addons/ofxKinectV2-OSC/src/FeatureTracker/ofxKinectSkeleton.cpp</string>
				<key>sourceTree</key>
				<string>SOURCE_ROOT</string>
			</dict>
			<key>FBC51B0DFF91C51DA6B7EBA9</key>
			<dict>
				<key>explicitFileType</key>
				<string>sourcecode.c.h</string>
				<key>fileEncoding</key>
				<string>30</string>
				<key>isa</key>
				<string>PBXFileReference</string>
				<key>name</key>
				<string>ofxKinectFeatures.h</string>
				<key>path</key>
				<string>../../../addons/ofxKinectV2-OSC/src/FeatureTracker/ofxKinectFeatures.h</string>
				<key>sourceTree</key>
				<string>SOURCE_ROOT</string>
			</dict>
			<key>679FD2E69B69B8EA01D64DD3</key>
			<dict>
				<key>children</key>
				<array>
					<string>A8B8DF431DDAD4D3A0BA93F0</string>
					<string>FBC51B0DFF91C51DA6B7EBA9</string>
					<string>1673E69423E1E430993D9E4B</string>
					<string>A26B6D97B745FDE40A4BD93B</string>
					<string>401DD66BE0153C74F23EAF54</string>
					<string>5F65D1A5ACE820704E38750D</string>
				</array>
				<key>isa</key>
				<string>PBXGroup</string>
				<key>name</key>
				<string>FeatureTracker</string>
				<key>sourceTree</key>
				<string>&lt;group&gt;</string>
			</dict>
			<key>583F4D6BAFB78B6B63EAE8AF</key>
			<dict>
				<key>fileRef</key>
				<string>A8B8DF431DDAD4D3A0BA93F0</string>
				<key>isa</key>
				<string>PBXBuildFile</string>
			</dict>
			<key>A8B8DF431DDAD4D3A0BA93F0</key>
			<dict>
				<key>explicitFileType</key>
				<string>sourcecode.cpp.cpp</string>
				<key>fileEncoding</key>
				<string>30</string>
				<key>isa</key>
				<string>PBXFileReference</string>
				<key>name</key>
				<string>ofxKinectFeatures.cpp</string>
				<key>path</key>
				<string>../../../addons/ofxKinectV2-OSC/src/FeatureTracker/ofxKinectFeatures.cpp</string>
				<key>sourceTree</key>
				<string>SOURCE_ROOT</string>
			</dict>
			<key>D6B9CFD1E73671E93959871F</key>
			<dict>
				<key>explicitFileType</key>
				<string>sourcecode.c.h</string>
				<key>fileEncoding</key>
				<string>30</string>
				<key>isa</key>
				<string>PBXFileReference</string>
				<key>name</key>
				<string>BodyRenderer.h</string>
				<key>path</key>
				<string>../../../addons/ofxKinectV2-OSC/src/Draw/BodyRenderer.h</string>
				<key>sourceTree</key>
				<string>SOURCE_ROOT</string>
			</dict>
			<key>593B343A9FADF0368B7C0E8D</key>
			<dict>
				<key>children</key>
				<array>
					<string>F7D88D45725D5A3C0781C9A8</string>
					<string>D6B9CFD1E73671E93959871F</string>
				</array>
				<key>isa</key>
				<string>PBXGroup</string>
				<key>name</key>
				<string>Draw</string>
				<key>sourceTree</key>
				<string>&lt;group&gt;</string>
			</dict>
			<key>C99C59EB5A00132F22624A2D</key>
			<dict>
				<key>fileRef</key>
				<string>F7D88D45725D5A3C0781C9A8</string>
				<key>isa</key>
				<string>PBXBuildFile</string>
			</dict>
			<key>F7D88D45725D5A3C0781C9A8</key>
			<dict>
				<key>explicitFileType</key>
				<string>sourcecode.cpp.cpp</string>
				<key>fileEncoding</key>
				<string>30</string>
				<key>isa</key>
				<string>PBXFileReference</string>
				<key>name</key>
				<string>BodyRenderer.cpp</string>
				<key>path</key>
				<string>../../../addons/ofxKinectV2-OSC/src/Draw/BodyRenderer.cpp</string>
				<key>sourceTree</key>
				<string>SOURCE_ROOT</string>
			</dict>
			<key>688837E5F1F103E4FD361DAA</key>
			<dict>
				<key>explicitFileType</key>
				<string>sourcecode.c.h</string>
				<key>fileEncoding</key>
				<string>30</string>
				<key>isa</key>
				<string>PBXFileReference</string>
				<key>name</key>
				<string>Parser.h</string>
				<key>path</key>
				<string>../../../addons/ofxKinectV2-OSC/src/DataTransform/Parser.h</string>
				<key>sourceTree</key>
				<string>SOURCE_ROOT</string>
			</dict>
			<key>6847664D0060F42AEBB4E101</key>
			<dict>
				<key>fileRef</key>
				<string>61CB8B1EABE69C099F2D7196</string>
				<key>isa</key>
				<string>PBXBuildFile</string>
			</dict>
			<key>61CB8B1EABE69C099F2D7196</key>
			<dict>
				<key>explicitFileType</key>
				<string>sourcecode.cpp.cpp</string>
				<key>fileEncoding</key>
				<string>30</string>
				<key>isa</key>
				<string>PBXFileReference</string>
				<key>name</key>
				<string>Parser.cpp</string>
				<key>path</key>
				<string>../../../addons/ofxKinectV2-OSC/src/DataTransform/Parser.cpp</string>
				<key>sourceTree</key>
				<string>SOURCE_ROOT</string>
			</dict>
			<key>25CEE7FF3DB93F851B785EFD</key>
			<dict>
				<key>explicitFileType</key>
				<string>sourcecode.c.h</string>
				<key>fileEncoding</key>
				<string>30</string>
				<key>isa</key>
				<string>PBXFileReference</string>
				<key>name</key>
				<string>Mapper.h</string>
				<key>path</key>
				<string>../../../addons/ofxKinectV2-OSC/src/DataTransform/Mapper.h</string>
				<key>sourceTree</key>
				<string>SOURCE_ROOT</string>
			</dict>
			<key>9780A09AECE86A91413F1249</key>
			<dict>
				<key>fileRef</key>
				<string>583E7F54B84A88FD5D4B5C1A</string>
				<key>isa</key>
				<string>PBXBuildFile</string>
			</dict>
			<key>583E7F54B84A88FD5D4B5C1A</key>
			<dict>
				<key>explicitFileType</key>
				<string>sourcecode.cpp.cpp</string>
				<key>fileEncoding</key>
				<string>30</string>
				<key>isa</key>
				<string>PBXFileReference</string>
				<key>name</key>
				<string>Mapper.cpp</string>
				<key>path</key>
				<string>../../../addons/ofxKinectV2-OSC/src/DataTransform/Mapper.cpp</string>
				<key>sourceTree</key>
				<string>SOURCE_ROOT</string>
			</dict>
			<key>59FD809E303FEC1D986FF9DF</key>
			<dict>
				<key>explicitFileType</key>
				<string>sourcecode.c.h</string>
				<key>fileEncoding</key>
				<string>30</string>
				<key>isa</key>
				<string>PBXFileReference</string>
				<key>name</key>
				<string>Logger.h</string>
				<key>path</key>
				<string>../../../addons/ofxKinectV2-OSC/src/DataTransform/Logger.h</string>
				<key>sourceTree</key>
				<string>SOURCE_ROOT</string>
			</dict>
			<key>6626B42A0AC3BD4A61F267CC</key>
			<dict>
				<key>children</key>
				<array>
					<string>0843C11089CAA451E0010BD9</string>
					<string>59FD809E303FEC1D986FF9DF</string>
					<string>583E7F54B84A88FD5D4B5C1A</string>
					<string>25CEE7FF3DB93F851B785EFD</string>
					<string>61CB8B1EABE69C099F2D7196</string>
					<string>688837E5F1F103E4FD361DAA</string>
				</array>
				<key>isa</key>
				<string>PBXGroup</string>
				<key>name</key>
				<string>DataTransform</string>
				<key>sourceTree</key>
				<string>&lt;group&gt;</string>
			</dict>
			<key>EF7D9DE651311EAEAB5DE8EC</key>
			<dict>
				<key>fileRef</key>
				<string>0843C11089CAA451E0010BD9</string>
				<key>isa</key>
				<string>PBXBuildFile</string>
			</dict>
			<key>0843C11089CAA451E0010BD9</key>
			<dict>
				<key>explicitFileType</key>
				<string>sourcecode.cpp.cpp</string>
				<key>fileEncoding</key>
				<string>30</string>
				<key>isa</key>
				<string>PBXFileReference</string>
				<key>name</key>
				<string>Logger.cpp</string>
				<key>path</key>
				<string>../../../addons/ofxKinectV2-OSC/src/DataTransform/Logger.cpp</string>
				<key>sourceTree</key>
				<string>SOURCE_ROOT</string>
			</dict>
			<key>46F3FC2DF209C7393C75DE5A</key>
			<dict>
				<key>explicitFileType</key>
				<string>sourcecode.c.h</string>
				<key>fileEncoding</key>
				<string>30</string>
				<key>isa</key>
				<string>PBXFileReference</string>
				<key>name</key>
				<string>Skeleton.h</string>
				<key>path</key>
				<string>../../../addons/ofxKinectV2-OSC/src/Body/Skeleton.h</string>
				<key>sourceTree</key>
				<string>SOURCE_ROOT</string>
			</dict>
			<key>66BBA05BD1EC05BD23DCBD7E</key>
			<dict>
				<key>fileRef</key>
				<string>09BD1A9AB41884A85349FF37</string>
				<key>isa</key>
				<string>PBXBuildFile</string>
			</dict>
			<key>09BD1A9AB41884A85349FF37</key>
			<dict>
				<key>explicitFileType</key>
				<string>sourcecode.cpp.cpp</string>
				<key>fileEncoding</key>
				<string>30</string>
				<key>isa</key>
				<string>PBXFileReference</string>
				<key>name</key>
				<string>Skeleton.cpp</string>
				<key>path</key>
				<string>../../../addons/ofxKinectV2-OSC/src/Body/Skeleton.cpp</string>
				<key>sourceTree</key>
				<string>SOURCE_ROOT</string>
			</dict>
			<key>C43CDCD2AF16EDBE562125CB</key>
			<dict>
				<key>explicitFileType</key>
				<string>sourcecode.c.h</string>
				<key>fileEncoding</key>
				<string>30</string>
				<key>isa</key>
				<string>PBXFileReference</string>
				<key>name</key>
				<string>Joint.h</string>
				<key>path</key>
				<string>../../../addons/ofxKinectV2-OSC/src/Body/Joint.h</string>
				<key>sourceTree</key>
				<string>SOURCE_ROOT</string>
			</dict>
			<key>8B4B9605C076F9088F028D61</key>
			<dict>
				<key>fileRef</key>
				<string>38DBC8D25BE4A15EE388FA7E</string>
				<key>isa</key>
				<string>PBXBuildFile</string>
			</dict>
			<key>38DBC8D25BE4A15EE388FA7E</key>
			<dict>
				<key>explicitFileType</key>
				<string>sourcecode.cpp.cpp</string>
				<key>fileEncoding</key>
				<string>30</string>
				<key>isa</key>
				<string>PBXFileReference</string>
				<key>name</key>
				<string>Joint.cpp</string>
				<key>path</key>
				<string>../../../addons/ofxKinectV2-OSC/src/Body/Joint.cpp</string>
				<key>sourceTree</key>
				<string>SOURCE_ROOT</string>
			</dict>
			<key>F0D557A2DB1D354A1384A2DA</key>
			<dict>
				<key>explicitFileType</key>
				<string>sourcecode.c.h</string>
				<key>fileEncoding</key>
				<string>30</string>
				<key>isa</key>
				<string>PBXFileReference</string>
				<key>name</key>
				<string>Interpreter.h</string>
				<key>path</key>
				<string>../../../addons/ofxKinectV2-OSC/src/Body/Interpreter.h</string>
				<key>sourceTree</key>
				<string>SOURCE_ROOT</string>
			</dict>
			<key>C0788BDE2AA497B48C2B6F85</key>
			<dict>
				<key>fileRef</key>
				<string>D9F2933D385C0665970A1A19</string>
				<key>isa</key>
				<string>PBXBuildFile</string>
			</dict>
			<key>D9F2933D385C0665970A1A19</key>
			<dict>
				<key>explicitFileType</key>
				<string>sourcecode.cpp.cpp</string>
				<key>fileEncoding</key>
				<string>30</string>
				<key>isa</key>
				<string>PBXFileReference</string>
				<key>name</key>
				<string>Interpreter.cpp</string>
				<key>path</key>
				<string>../../../addons/ofxKinectV2-OSC/src/Body/Interpreter.cpp</string>
				<key>sourceTree</key>
				<string>SOURCE_ROOT</string>
			</dict>
			<key>46FEE1E8FF07805CE22EED29</key>
			<dict>
				<key>explicitFileType</key>
				<string>sourcecode.c.h</string>
				<key>fileEncoding</key>
				<string>30</string>
				<key>isa</key>
				<string>PBXFileReference</string>
				<key>name</key>
				<string>Hand.h</string>
				<key>path</key>
				<string>../../../addons/ofxKinectV2-OSC/src/Body/Hand.h</string>
				<key>sourceTree</key>
				<string>SOURCE_ROOT</string>
			</dict>
			<key>F5618C07745D192F871885AA</key>
			<dict>
				<key>children</key>
				<array>
					<string>2C140B7536113642BB2F29B2</string>
					<string>46FEE1E8FF07805CE22EED29</string>
					<string>D9F2933D385C0665970A1A19</string>
					<string>F0D557A2DB1D354A1384A2DA</string>
					<string>38DBC8D25BE4A15EE388FA7E</string>
					<string>C43CDCD2AF16EDBE562125CB</string>
					<string>09BD1A9AB41884A85349FF37</string>
					<string>46F3FC2DF209C7393C75DE5A</string>
				</array>
				<key>isa</key>
				<string>PBXGroup</string>
				<key>name</key>
				<string>Body</string>
				<key>sourceTree</key>
				<string>&lt;group&gt;</string>
			</dict>
			<key>8A0744521B4B2563AAAD4E6B</key>
			<dict>
				<key>children</key>
				<array>
					<string>F5618C07745D192F871885AA</string>
					<string>6626B42A0AC3BD4A61F267CC</string>
					<string>593B343A9FADF0368B7C0E8D</string>
					<string>679FD2E69B69B8EA01D64DD3</string>
					<string>A1E489615DA9497A4B4D8CEA</string>
					<string>19353B848D00463F2E36BB2E</string>
				</array>
				<key>isa</key>
				<string>PBXGroup</string>
				<key>name</key>
				<string>src</string>
				<key>sourceTree</key>
				<string>&lt;group&gt;</string>
			</dict>
			<key>FF5990F8E3BEC12AC1E5D465</key>
			<dict>
				<key>children</key>
				<array>
					<string>8A0744521B4B2563AAAD4E6B</string>
				</array>
				<key>isa</key>
				<string>PBXGroup</string>
				<key>name</key>
				<string>ofxKinectV2-OSC</string>
				<key>sourceTree</key>
				<string>&lt;group&gt;</string>
			</dict>
			<key>DF0E23207448D9B0A01099DE</key>
			<dict>
				<key>fileRef</key>
				<string>2C140B7536113642BB2F29B2</string>
				<key>isa</key>
				<string>PBXBuildFile</string>
			</dict>
			<key>2C140B7536113642BB2F29B2</key>
			<dict>
				<key>explicitFileType</key>
				<string>sourcecode.cpp.cpp</string>
				<key>fileEncoding</key>
				<string>30</string>
				<key>isa</key>
				<string>PBXFileReference</string>
				<key>name</key>
				<string>Hand.cpp</string>
				<key>path</key>
				<string>../../../addons/ofxKinectV2-OSC/src/Body/Hand.cpp</string>
				<key>sourceTree</key>
				<string>SOURCE_ROOT</string>
			</dict>
			<key>20C5D4414D9A9E6135835F45</key>
			<dict>
				<key>explicitFileType</key>
				<string>sourcecode.c.h</string>
				<key>fileEncoding</key>
				<string>30</string>
				<key>isa</key>
				<string>PBXFileReference</string>
				<key>name</key>
				<string>ofxControlWidgetSelector.h</string>
				<key>path</key>
				<string>../../../addons/ofxControl/src/ofxControlWidgetSelector.h</string>
				<key>sourceTree</key>
				<string>SOURCE_ROOT</string>
			</dict>
			<key>C63E3138C0C0B49FE26B6DC2</key>
			<dict>
				<key>fileRef</key>
				<string>564E48B1C3AACE6F032AA909</string>
				<key>isa</key>
				<string>PBXBuildFile</string>
			</dict>
			<key>564E48B1C3AACE6F032AA909</key>
			<dict>
				<key>explicitFileType</key>
				<string>sourcecode.cpp.cpp</string>
				<key>fileEncoding</key>
				<string>30</string>
				<key>isa</key>
				<string>PBXFileReference</string>
				<key>name</key>
				<string>ofxControlWidgetSelector.cpp</string>
				<key>path</key>
				<string>../../../addons/ofxControl/src/ofxControlWidgetSelector.cpp</string>
				<key>sourceTree</key>
				<string>SOURCE_ROOT</string>
			</dict>
			<key>D0D36A2F928EA0616E0B627E</key>
			<dict>
				<key>explicitFileType</key>
				<string>sourcecode.c.h</string>
				<key>fileEncoding</key>
				<string>30</string>
				<key>isa</key>
				<string>PBXFileReference</string>
				<key>name</key>
				<string>ofxControlWidget.h</string>
				<key>path</key>
				<string>../../../addons/ofxControl/src/ofxControlWidget.h</string>
				<key>sourceTree</key>
				<string>SOURCE_ROOT</string>
			</dict>
			<key>2441ABB8D077D1710B674B6B</key>
			<dict>
				<key>fileRef</key>
				<string>F19D5ADDB295206E2D11D022</string>
				<key>isa</key>
				<string>PBXBuildFile</string>
			</dict>
			<key>F19D5ADDB295206E2D11D022</key>
			<dict>
				<key>explicitFileType</key>
				<string>sourcecode.cpp.cpp</string>
				<key>fileEncoding</key>
				<string>30</string>
				<key>isa</key>
				<string>PBXFileReference</string>
				<key>name</key>
				<string>ofxControlWidget.cpp</string>
				<key>path</key>
				<string>../../../addons/ofxControl/src/ofxControlWidget.cpp</string>
				<key>sourceTree</key>
				<string>SOURCE_ROOT</string>
			</dict>
			<key>A0BC68C6C5BA4AD81E1343E4</key>
			<dict>
				<key>explicitFileType</key>
				<string>sourcecode.c.h</string>
				<key>fileEncoding</key>
				<string>30</string>
				<key>isa</key>
				<string>PBXFileReference</string>
				<key>name</key>
				<string>ofxControlTouchOSC.h</string>
				<key>path</key>
				<string>../../../addons/ofxControl/src/ofxControlTouchOSC.h</string>
				<key>sourceTree</key>
				<string>SOURCE_ROOT</string>
			</dict>
			<key>65409860C43A30769CCA1948</key>
			<dict>
				<key>fileRef</key>
				<string>662F7D0ED9FDC77CAEF95D23</string>
				<key>isa</key>
				<string>PBXBuildFile</string>
			</dict>
			<key>662F7D0ED9FDC77CAEF95D23</key>
			<dict>
				<key>explicitFileType</key>
				<string>sourcecode.cpp.cpp</string>
				<key>fileEncoding</key>
				<string>30</string>
				<key>isa</key>
				<string>PBXFileReference</string>
				<key>name</key>
				<string>ofxControlTouchOSC.cpp</string>
				<key>path</key>
				<string>../../../addons/ofxControl/src/ofxControlTouchOSC.cpp</string>
				<key>sourceTree</key>
				<string>SOURCE_ROOT</string>
			</dict>
			<key>A984A0B78CEFDA3DA2013FEC</key>
			<dict>
				<key>explicitFileType</key>
				<string>sourcecode.c.h</string>
				<key>fileEncoding</key>
				<string>30</string>
				<key>isa</key>
				<string>PBXFileReference</string>
				<key>name</key>
				<string>ofxControlTextBox.h</string>
				<key>path</key>
				<string>../../../addons/ofxControl/src/ofxControlTextBox.h</string>
				<key>sourceTree</key>
				<string>SOURCE_ROOT</string>
			</dict>
			<key>7AD6D29D26362072A946396B</key>
			<dict>
				<key>fileRef</key>
				<string>AB18FF4B8A5160F1AE00A25F</string>
				<key>isa</key>
				<string>PBXBuildFile</string>
			</dict>
			<key>AB18FF4B8A5160F1AE00A25F</key>
			<dict>
				<key>explicitFileType</key>
				<string>sourcecode.cpp.cpp</string>
				<key>fileEncoding</key>
				<string>30</string>
				<key>isa</key>
				<string>PBXFileReference</string>
				<key>name</key>
				<string>ofxControlTextBox.cpp</string>
				<key>path</key>
				<string>../../../addons/ofxControl/src/ofxControlTextBox.cpp</string>
				<key>sourceTree</key>
				<string>SOURCE_ROOT</string>
			</dict>
			<key>BD3009DA85F81B966EF0D008</key>
			<dict>
				<key>explicitFileType</key>
				<string>sourcecode.c.h</string>
				<key>fileEncoding</key>
				<string>30</string>
				<key>isa</key>
				<string>PBXFileReference</string>
				<key>name</key>
				<string>ofxControlSlider.h</string>
				<key>path</key>
				<string>../../../addons/ofxControl/src/ofxControlSlider.h</string>
				<key>sourceTree</key>
				<string>SOURCE_ROOT</string>
			</dict>
			<key>CF73E623A0339945CEE95761</key>
			<dict>
				<key>fileRef</key>
				<string>4167F127380B0C1F252B7FFC</string>
				<key>isa</key>
				<string>PBXBuildFile</string>
			</dict>
			<key>4167F127380B0C1F252B7FFC</key>
			<dict>
				<key>explicitFileType</key>
				<string>sourcecode.cpp.cpp</string>
				<key>fileEncoding</key>
				<string>30</string>
				<key>isa</key>
				<string>PBXFileReference</string>
				<key>name</key>
				<string>ofxControlSlider.cpp</string>
				<key>path</key>
				<string>../../../addons/ofxControl/src/ofxControlSlider.cpp</string>
				<key>sourceTree</key>
				<string>SOURCE_ROOT</string>
			</dict>
			<key>D74EE72DB86D80070F7849AB</key>
			<dict>
				<key>explicitFileType</key>
				<string>sourcecode.c.h</string>
				<key>fileEncoding</key>
				<string>30</string>
				<key>isa</key>
				<string>PBXFileReference</string>
				<key>name</key>
				<string>ofxControlSequencer.h</string>
				<key>path</key>
				<string>../../../addons/ofxControl/src/ofxControlSequencer.h</string>
				<key>sourceTree</key>
				<string>SOURCE_ROOT</string>
			</dict>
			<key>5B19D7CDA0DA2D6E32C98BFB</key>
			<dict>
				<key>fileRef</key>
				<string>8208285D2C9338E091E97F1F</string>
				<key>isa</key>
				<string>PBXBuildFile</string>
			</dict>
			<key>8208285D2C9338E091E97F1F</key>
			<dict>
				<key>explicitFileType</key>
				<string>sourcecode.cpp.cpp</string>
				<key>fileEncoding</key>
				<string>30</string>
				<key>isa</key>
				<string>PBXFileReference</string>
				<key>name</key>
				<string>ofxControlSequencer.cpp</string>
				<key>path</key>
				<string>../../../addons/ofxControl/src/ofxControlSequencer.cpp</string>
				<key>sourceTree</key>
				<string>SOURCE_ROOT</string>
			</dict>
			<key>9482BA25298C3DCFDA00FBFA</key>
			<dict>
				<key>explicitFileType</key>
				<string>sourcecode.c.h</string>
				<key>fileEncoding</key>
				<string>30</string>
				<key>isa</key>
				<string>PBXFileReference</string>
				<key>name</key>
				<string>ofxControlSequence.h</string>
				<key>path</key>
				<string>../../../addons/ofxControl/src/ofxControlSequence.h</string>
				<key>sourceTree</key>
				<string>SOURCE_ROOT</string>
			</dict>
			<key>54D2AFE4CAB9E9987184B8CB</key>
			<dict>
				<key>fileRef</key>
				<string>22351BDC1BF11AD2C7514AAB</string>
				<key>isa</key>
				<string>PBXBuildFile</string>
			</dict>
			<key>22351BDC1BF11AD2C7514AAB</key>
			<dict>
				<key>explicitFileType</key>
				<string>sourcecode.cpp.cpp</string>
				<key>fileEncoding</key>
				<string>30</string>
				<key>isa</key>
				<string>PBXFileReference</string>
				<key>name</key>
				<string>ofxControlSequence.cpp</string>
				<key>path</key>
				<string>../../../addons/ofxControl/src/ofxControlSequence.cpp</string>
				<key>sourceTree</key>
				<string>SOURCE_ROOT</string>
			</dict>
			<key>A4000B8368891301277E57D7</key>
			<dict>
				<key>explicitFileType</key>
				<string>sourcecode.c.h</string>
				<key>fileEncoding</key>
				<string>30</string>
				<key>isa</key>
				<string>PBXFileReference</string>
				<key>name</key>
				<string>ofxControlRangeSlider.h</string>
				<key>path</key>
				<string>../../../addons/ofxControl/src/ofxControlRangeSlider.h</string>
				<key>sourceTree</key>
				<string>SOURCE_ROOT</string>
			</dict>
			<key>FA337D41E6D268A025CF8F87</key>
			<dict>
				<key>fileRef</key>
				<string>CE9E5EDC08F844DBE73523D0</string>
				<key>isa</key>
				<string>PBXBuildFile</string>
			</dict>
			<key>CE9E5EDC08F844DBE73523D0</key>
			<dict>
				<key>explicitFileType</key>
				<string>sourcecode.cpp.cpp</string>
				<key>fileEncoding</key>
				<string>30</string>
				<key>isa</key>
				<string>PBXFileReference</string>
				<key>name</key>
				<string>ofxControlRangeSlider.cpp</string>
				<key>path</key>
				<string>../../../addons/ofxControl/src/ofxControlRangeSlider.cpp</string>
				<key>sourceTree</key>
				<string>SOURCE_ROOT</string>
			</dict>
			<key>AE7A9C84AD6621E3C2A64A74</key>
			<dict>
				<key>explicitFileType</key>
				<string>sourcecode.c.h</string>
				<key>fileEncoding</key>
				<string>30</string>
				<key>isa</key>
				<string>PBXFileReference</string>
				<key>name</key>
				<string>ofxControlParameter.h</string>
				<key>path</key>
				<string>../../../addons/ofxControl/src/ofxControlParameter.h</string>
				<key>sourceTree</key>
				<string>SOURCE_ROOT</string>
			</dict>
			<key>E170B79EF66537D65E1AEC1D</key>
			<dict>
				<key>explicitFileType</key>
				<string>sourcecode.c.h</string>
				<key>fileEncoding</key>
				<string>30</string>
				<key>isa</key>
				<string>PBXFileReference</string>
				<key>name</key>
				<string>ofxControlPanel.h</string>
				<key>path</key>
				<string>../../../addons/ofxControl/src/ofxControlPanel.h</string>
				<key>sourceTree</key>
				<string>SOURCE_ROOT</string>
			</dict>
			<key>17702BA79B8951D3E67D731E</key>
			<dict>
				<key>fileRef</key>
				<string>269154488EC9D81500954456</string>
				<key>isa</key>
				<string>PBXBuildFile</string>
			</dict>
			<key>269154488EC9D81500954456</key>
			<dict>
				<key>explicitFileType</key>
				<string>sourcecode.cpp.cpp</string>
				<key>fileEncoding</key>
				<string>30</string>
				<key>isa</key>
				<string>PBXFileReference</string>
				<key>name</key>
				<string>ofxControlPanel.cpp</string>
				<key>path</key>
				<string>../../../addons/ofxControl/src/ofxControlPanel.cpp</string>
				<key>sourceTree</key>
				<string>SOURCE_ROOT</string>
			</dict>
			<key>62A4733E6DD24DE0D47F2CD0</key>
			<dict>
				<key>explicitFileType</key>
				<string>sourcecode.c.h</string>
				<key>fileEncoding</key>
				<string>30</string>
				<key>isa</key>
				<string>PBXFileReference</string>
				<key>name</key>
				<string>ofxControlOscManagerPanel.h</string>
				<key>path</key>
				<string>../../../addons/ofxControl/src/ofxControlOscManagerPanel.h</string>
				<key>sourceTree</key>
				<string>SOURCE_ROOT</string>
			</dict>
			<key>87EF2AD666DD3859D3EAC437</key>
			<dict>
				<key>fileRef</key>
				<string>845AD8C70E8C7FD4D65159B3</string>
				<key>isa</key>
				<string>PBXBuildFile</string>
			</dict>
			<key>845AD8C70E8C7FD4D65159B3</key>
			<dict>
				<key>explicitFileType</key>
				<string>sourcecode.cpp.cpp</string>
				<key>fileEncoding</key>
				<string>30</string>
				<key>isa</key>
				<string>PBXFileReference</string>
				<key>name</key>
				<string>ofxControlOscManagerPanel.cpp</string>
				<key>path</key>
				<string>../../../addons/ofxControl/src/ofxControlOscManagerPanel.cpp</string>
				<key>sourceTree</key>
				<string>SOURCE_ROOT</string>
			</dict>
			<key>E460A9913F163CA725633B69</key>
			<dict>
				<key>explicitFileType</key>
				<string>sourcecode.c.h</string>
				<key>fileEncoding</key>
				<string>30</string>
				<key>isa</key>
				<string>PBXFileReference</string>
				<key>name</key>
				<string>ofxControlOscManager.h</string>
				<key>path</key>
				<string>../../../addons/ofxControl/src/ofxControlOscManager.h</string>
				<key>sourceTree</key>
				<string>SOURCE_ROOT</string>
			</dict>
			<key>B105619F131F2CBAAD643A04</key>
			<dict>
				<key>fileRef</key>
				<string>9E5823E12CEB695D775A820A</string>
				<key>isa</key>
				<string>PBXBuildFile</string>
			</dict>
			<key>9E5823E12CEB695D775A820A</key>
			<dict>
				<key>explicitFileType</key>
				<string>sourcecode.cpp.cpp</string>
				<key>fileEncoding</key>
				<string>30</string>
				<key>isa</key>
				<string>PBXFileReference</string>
				<key>name</key>
				<string>ofxControlOscManager.cpp</string>
				<key>path</key>
				<string>../../../addons/ofxControl/src/ofxControlOscManager.cpp</string>
				<key>sourceTree</key>
				<string>SOURCE_ROOT</string>
			</dict>
			<key>7B8F77474AA8EDABF091DAED</key>
			<dict>
				<key>explicitFileType</key>
				<string>sourcecode.c.h</string>
				<key>fileEncoding</key>
				<string>30</string>
				<key>isa</key>
				<string>PBXFileReference</string>
				<key>name</key>
				<string>ofxControlMultiSlider.h</string>
				<key>path</key>
				<string>../../../addons/ofxControl/src/ofxControlMultiSlider.h</string>
				<key>sourceTree</key>
				<string>SOURCE_ROOT</string>
			</dict>
			<key>3480F2593A7D2D1185A58BD2</key>
			<dict>
				<key>fileRef</key>
				<string>533BC9E677365CAEBABDE32D</string>
				<key>isa</key>
				<string>PBXBuildFile</string>
			</dict>
			<key>533BC9E677365CAEBABDE32D</key>
			<dict>
				<key>explicitFileType</key>
				<string>sourcecode.cpp.cpp</string>
				<key>fileEncoding</key>
				<string>30</string>
				<key>isa</key>
				<string>PBXFileReference</string>
				<key>name</key>
				<string>ofxControlMultiSlider.cpp</string>
				<key>path</key>
				<string>../../../addons/ofxControl/src/ofxControlMultiSlider.cpp</string>
				<key>sourceTree</key>
				<string>SOURCE_ROOT</string>
			</dict>
			<key>807D0BE41B2AD43FC0A794A0</key>
			<dict>
				<key>explicitFileType</key>
				<string>sourcecode.c.h</string>
				<key>fileEncoding</key>
				<string>30</string>
				<key>isa</key>
				<string>PBXFileReference</string>
				<key>name</key>
				<string>ofxControlMultiRangeSlider.h</string>
				<key>path</key>
				<string>../../../addons/ofxControl/src/ofxControlMultiRangeSlider.h</string>
				<key>sourceTree</key>
				<string>SOURCE_ROOT</string>
			</dict>
			<key>D05B2602C55B08AC8246D30B</key>
			<dict>
				<key>fileRef</key>
				<string>C8EB310028D19B56B69B2813</string>
				<key>isa</key>
				<string>PBXBuildFile</string>
			</dict>
			<key>C8EB310028D19B56B69B2813</key>
			<dict>
				<key>explicitFileType</key>
				<string>sourcecode.cpp.cpp</string>
				<key>fileEncoding</key>
				<string>30</string>
				<key>isa</key>
				<string>PBXFileReference</string>
				<key>name</key>
				<string>ofxControlMultiRangeSlider.cpp</string>
				<key>path</key>
				<string>../../../addons/ofxControl/src/ofxControlMultiRangeSlider.cpp</string>
				<key>sourceTree</key>
				<string>SOURCE_ROOT</string>
			</dict>
			<key>34AF60074B46DD1515C1AAEA</key>
			<dict>
				<key>explicitFileType</key>
				<string>sourcecode.c.h</string>
				<key>fileEncoding</key>
				<string>30</string>
				<key>isa</key>
				<string>PBXFileReference</string>
				<key>name</key>
				<string>ofxControlMultiElement.h</string>
				<key>path</key>
				<string>../../../addons/ofxControl/src/ofxControlMultiElement.h</string>
				<key>sourceTree</key>
				<string>SOURCE_ROOT</string>
			</dict>
			<key>95EA8D90BEDFB3F392C5FC19</key>
			<dict>
				<key>fileRef</key>
				<string>A7F4CB87A218D604222097F4</string>
				<key>isa</key>
				<string>PBXBuildFile</string>
			</dict>
			<key>A7F4CB87A218D604222097F4</key>
			<dict>
				<key>explicitFileType</key>
				<string>sourcecode.cpp.cpp</string>
				<key>fileEncoding</key>
				<string>30</string>
				<key>isa</key>
				<string>PBXFileReference</string>
				<key>name</key>
				<string>ofxControlMultiElement.cpp</string>
				<key>path</key>
				<string>../../../addons/ofxControl/src/ofxControlMultiElement.cpp</string>
				<key>sourceTree</key>
				<string>SOURCE_ROOT</string>
			</dict>
			<key>6EF27248E0BF8BC17B168BB2</key>
			<dict>
				<key>explicitFileType</key>
				<string>sourcecode.c.h</string>
				<key>fileEncoding</key>
				<string>30</string>
				<key>isa</key>
				<string>PBXFileReference</string>
				<key>name</key>
				<string>ofxControlMidiSequencer.h</string>
				<key>path</key>
				<string>../../../addons/ofxControl/src/ofxControlMidiSequencer.h</string>
				<key>sourceTree</key>
				<string>SOURCE_ROOT</string>
			</dict>
			<key>ADEF2710D82C61E7575D77D6</key>
			<dict>
				<key>fileRef</key>
				<string>BE4E186E85EBBFE29FA0378B</string>
				<key>isa</key>
				<string>PBXBuildFile</string>
			</dict>
			<key>BE4E186E85EBBFE29FA0378B</key>
			<dict>
				<key>explicitFileType</key>
				<string>sourcecode.cpp.cpp</string>
				<key>fileEncoding</key>
				<string>30</string>
				<key>isa</key>
				<string>PBXFileReference</string>
				<key>name</key>
				<string>ofxControlMidiSequencer.cpp</string>
				<key>path</key>
				<string>../../../addons/ofxControl/src/ofxControlMidiSequencer.cpp</string>
				<key>sourceTree</key>
				<string>SOURCE_ROOT</string>
			</dict>
			<key>B4691993D1234E9CB7374CEB</key>
			<dict>
				<key>explicitFileType</key>
				<string>sourcecode.c.h</string>
				<key>fileEncoding</key>
				<string>30</string>
				<key>isa</key>
				<string>PBXFileReference</string>
				<key>name</key>
				<string>ofxControlMenu.h</string>
				<key>path</key>
				<string>../../../addons/ofxControl/src/ofxControlMenu.h</string>
				<key>sourceTree</key>
				<string>SOURCE_ROOT</string>
			</dict>
			<key>8214BBF315F3FE8E7AA53A09</key>
			<dict>
				<key>fileRef</key>
				<string>CB5F06A2158BDC02612E1411</string>
				<key>isa</key>
				<string>PBXBuildFile</string>
			</dict>
			<key>CB5F06A2158BDC02612E1411</key>
			<dict>
				<key>explicitFileType</key>
				<string>sourcecode.cpp.cpp</string>
				<key>fileEncoding</key>
				<string>30</string>
				<key>isa</key>
				<string>PBXFileReference</string>
				<key>name</key>
				<string>ofxControlMenu.cpp</string>
				<key>path</key>
				<string>../../../addons/ofxControl/src/ofxControlMenu.cpp</string>
				<key>sourceTree</key>
				<string>SOURCE_ROOT</string>
			</dict>
			<key>C3DB1ABCB1F5232384668895</key>
			<dict>
				<key>explicitFileType</key>
				<string>sourcecode.c.h</string>
				<key>fileEncoding</key>
				<string>30</string>
				<key>isa</key>
				<string>PBXFileReference</string>
				<key>name</key>
				<string>ofxControlElement.h</string>
				<key>path</key>
				<string>../../../addons/ofxControl/src/ofxControlElement.h</string>
				<key>sourceTree</key>
				<string>SOURCE_ROOT</string>
			</dict>
			<key>83DE18C337910BECFBAF93EC</key>
			<dict>
				<key>fileRef</key>
				<string>C2504D6D58C7E5B3E9BF9500</string>
				<key>isa</key>
				<string>PBXBuildFile</string>
			</dict>
			<key>C2504D6D58C7E5B3E9BF9500</key>
			<dict>
				<key>explicitFileType</key>
				<string>sourcecode.cpp.cpp</string>
				<key>fileEncoding</key>
				<string>30</string>
				<key>isa</key>
				<string>PBXFileReference</string>
				<key>name</key>
				<string>ofxControlElement.cpp</string>
				<key>path</key>
				<string>../../../addons/ofxControl/src/ofxControlElement.cpp</string>
				<key>sourceTree</key>
				<string>SOURCE_ROOT</string>
			</dict>
			<key>4DD2FE7F25CD71AEABFAF6E1</key>
			<dict>
				<key>explicitFileType</key>
				<string>sourcecode.c.h</string>
				<key>fileEncoding</key>
				<string>30</string>
				<key>isa</key>
				<string>PBXFileReference</string>
				<key>name</key>
				<string>ofxControlConstants.h</string>
				<key>path</key>
				<string>../../../addons/ofxControl/src/ofxControlConstants.h</string>
				<key>sourceTree</key>
				<string>SOURCE_ROOT</string>
			</dict>
			<key>3656453C80EAC24F71DB205F</key>
			<dict>
				<key>explicitFileType</key>
				<string>sourcecode.c.h</string>
				<key>fileEncoding</key>
				<string>30</string>
				<key>isa</key>
				<string>PBXFileReference</string>
				<key>name</key>
				<string>ofxControlColor.h</string>
				<key>path</key>
				<string>../../../addons/ofxControl/src/ofxControlColor.h</string>
				<key>sourceTree</key>
				<string>SOURCE_ROOT</string>
			</dict>
			<key>5E4226BDBF92E688E1485262</key>
			<dict>
				<key>fileRef</key>
				<string>6B87D47BF06B6B77925306C3</string>
				<key>isa</key>
				<string>PBXBuildFile</string>
			</dict>
			<key>6B87D47BF06B6B77925306C3</key>
			<dict>
				<key>explicitFileType</key>
				<string>sourcecode.cpp.cpp</string>
				<key>fileEncoding</key>
				<string>30</string>
				<key>isa</key>
				<string>PBXFileReference</string>
				<key>name</key>
				<string>ofxControlColor.cpp</string>
				<key>path</key>
				<string>../../../addons/ofxControl/src/ofxControlColor.cpp</string>
				<key>sourceTree</key>
				<string>SOURCE_ROOT</string>
			</dict>
			<key>B49C378AB8D85498C77B7BD3</key>
			<dict>
				<key>explicitFileType</key>
				<string>sourcecode.c.h</string>
				<key>fileEncoding</key>
				<string>30</string>
				<key>isa</key>
				<string>PBXFileReference</string>
				<key>name</key>
				<string>ofxControlButton.h</string>
				<key>path</key>
				<string>../../../addons/ofxControl/src/ofxControlButton.h</string>
				<key>sourceTree</key>
				<string>SOURCE_ROOT</string>
			</dict>
			<key>C597C10C7D9050F80877DD20</key>
			<dict>
				<key>fileRef</key>
				<string>A3B86EAF56941B8764FC7183</string>
				<key>isa</key>
				<string>PBXBuildFile</string>
			</dict>
			<key>A3B86EAF56941B8764FC7183</key>
			<dict>
				<key>explicitFileType</key>
				<string>sourcecode.cpp.cpp</string>
				<key>fileEncoding</key>
				<string>30</string>
				<key>isa</key>
				<string>PBXFileReference</string>
				<key>name</key>
				<string>ofxControlButton.cpp</string>
				<key>path</key>
				<string>../../../addons/ofxControl/src/ofxControlButton.cpp</string>
				<key>sourceTree</key>
				<string>SOURCE_ROOT</string>
			</dict>
			<key>AD811792CEF4ECC6E8EF87B5</key>
			<dict>
				<key>explicitFileType</key>
				<string>sourcecode.c.h</string>
				<key>fileEncoding</key>
				<string>30</string>
				<key>isa</key>
				<string>PBXFileReference</string>
				<key>name</key>
				<string>ofxControlBpm.h</string>
				<key>path</key>
				<string>../../../addons/ofxControl/src/ofxControlBpm.h</string>
				<key>sourceTree</key>
				<string>SOURCE_ROOT</string>
			</dict>
			<key>C3FEF526228167DB279C9FF5</key>
			<dict>
				<key>fileRef</key>
				<string>AC20D9189D803D8084833916</string>
				<key>isa</key>
				<string>PBXBuildFile</string>
			</dict>
			<key>AC20D9189D803D8084833916</key>
			<dict>
				<key>explicitFileType</key>
				<string>sourcecode.cpp.cpp</string>
				<key>fileEncoding</key>
				<string>30</string>
				<key>isa</key>
				<string>PBXFileReference</string>
				<key>name</key>
				<string>ofxControlBpm.cpp</string>
				<key>path</key>
				<string>../../../addons/ofxControl/src/ofxControlBpm.cpp</string>
				<key>sourceTree</key>
				<string>SOURCE_ROOT</string>
			</dict>
			<key>4643A14DCC10DA58CAA874B3</key>
			<dict>
				<key>explicitFileType</key>
				<string>sourcecode.c.h</string>
				<key>fileEncoding</key>
				<string>30</string>
				<key>isa</key>
				<string>PBXFileReference</string>
				<key>name</key>
				<string>ofxControlBase.h</string>
				<key>path</key>
				<string>../../../addons/ofxControl/src/ofxControlBase.h</string>
				<key>sourceTree</key>
				<string>SOURCE_ROOT</string>
			</dict>
			<key>F1440B2964FFEB3D7AC16B22</key>
			<dict>
				<key>fileRef</key>
				<string>1E64E04E7DD80799A960DE47</string>
				<key>isa</key>
				<string>PBXBuildFile</string>
			</dict>
			<key>1E64E04E7DD80799A960DE47</key>
			<dict>
				<key>explicitFileType</key>
				<string>sourcecode.cpp.cpp</string>
				<key>fileEncoding</key>
				<string>30</string>
				<key>isa</key>
				<string>PBXFileReference</string>
				<key>name</key>
				<string>ofxControlBase.cpp</string>
				<key>path</key>
				<string>../../../addons/ofxControl/src/ofxControlBase.cpp</string>
				<key>sourceTree</key>
				<string>SOURCE_ROOT</string>
			</dict>
			<key>7F9EDB321DC1CC61E29AE4ED</key>
			<dict>
				<key>explicitFileType</key>
				<string>sourcecode.c.h</string>
				<key>fileEncoding</key>
				<string>30</string>
				<key>isa</key>
				<string>PBXFileReference</string>
				<key>name</key>
				<string>ofxControl2dPad.h</string>
				<key>path</key>
				<string>../../../addons/ofxControl/src/ofxControl2dPad.h</string>
				<key>sourceTree</key>
				<string>SOURCE_ROOT</string>
			</dict>
			<key>FF7BA513209CDD286F654554</key>
			<dict>
				<key>fileRef</key>
				<string>10620EA8C755C6D304D8967B</string>
				<key>isa</key>
				<string>PBXBuildFile</string>
			</dict>
			<key>10620EA8C755C6D304D8967B</key>
			<dict>
				<key>explicitFileType</key>
				<string>sourcecode.cpp.cpp</string>
				<key>fileEncoding</key>
				<string>30</string>
				<key>isa</key>
				<string>PBXFileReference</string>
				<key>name</key>
				<string>ofxControl2dPad.cpp</string>
				<key>path</key>
				<string>../../../addons/ofxControl/src/ofxControl2dPad.cpp</string>
				<key>sourceTree</key>
				<string>SOURCE_ROOT</string>
			</dict>
			<key>FAF45AEC9BA542FF69767837</key>
			<dict>
				<key>explicitFileType</key>
				<string>sourcecode.c.h</string>
				<key>fileEncoding</key>
				<string>30</string>
				<key>isa</key>
				<string>PBXFileReference</string>
				<key>name</key>
				<string>ofxControl.h</string>
				<key>path</key>
				<string>../../../addons/ofxControl/src/ofxControl.h</string>
				<key>sourceTree</key>
				<string>SOURCE_ROOT</string>
			</dict>
			<key>FD858D2019DC626225D01396</key>
			<dict>
				<key>explicitFileType</key>
				<string>sourcecode.c.h</string>
				<key>fileEncoding</key>
				<string>30</string>
				<key>isa</key>
				<string>PBXFileReference</string>
				<key>name</key>
				<string>Base64.h</string>
				<key>path</key>
				<string>../../../addons/ofxControl/src/Base64.h</string>
				<key>sourceTree</key>
				<string>SOURCE_ROOT</string>
			</dict>
			<key>394ADE714A1F85E60B5618AB</key>
			<dict>
				<key>children</key>
				<array>
					<string>404909ACC5528A446F86752C</string>
					<string>FD858D2019DC626225D01396</string>
					<string>FAF45AEC9BA542FF69767837</string>
					<string>10620EA8C755C6D304D8967B</string>
					<string>7F9EDB321DC1CC61E29AE4ED</string>
					<string>1E64E04E7DD80799A960DE47</string>
					<string>4643A14DCC10DA58CAA874B3</string>
					<string>AC20D9189D803D8084833916</string>
					<string>AD811792CEF4ECC6E8EF87B5</string>
					<string>A3B86EAF56941B8764FC7183</string>
					<string>B49C378AB8D85498C77B7BD3</string>
					<string>6B87D47BF06B6B77925306C3</string>
					<string>3656453C80EAC24F71DB205F</string>
					<string>4DD2FE7F25CD71AEABFAF6E1</string>
					<string>C2504D6D58C7E5B3E9BF9500</string>
					<string>C3DB1ABCB1F5232384668895</string>
					<string>CB5F06A2158BDC02612E1411</string>
					<string>B4691993D1234E9CB7374CEB</string>
					<string>BE4E186E85EBBFE29FA0378B</string>
					<string>6EF27248E0BF8BC17B168BB2</string>
					<string>A7F4CB87A218D604222097F4</string>
					<string>34AF60074B46DD1515C1AAEA</string>
					<string>C8EB310028D19B56B69B2813</string>
					<string>807D0BE41B2AD43FC0A794A0</string>
					<string>533BC9E677365CAEBABDE32D</string>
					<string>7B8F77474AA8EDABF091DAED</string>
					<string>9E5823E12CEB695D775A820A</string>
					<string>E460A9913F163CA725633B69</string>
					<string>845AD8C70E8C7FD4D65159B3</string>
					<string>62A4733E6DD24DE0D47F2CD0</string>
					<string>269154488EC9D81500954456</string>
					<string>E170B79EF66537D65E1AEC1D</string>
					<string>AE7A9C84AD6621E3C2A64A74</string>
					<string>CE9E5EDC08F844DBE73523D0</string>
					<string>A4000B8368891301277E57D7</string>
					<string>22351BDC1BF11AD2C7514AAB</string>
					<string>9482BA25298C3DCFDA00FBFA</string>
					<string>8208285D2C9338E091E97F1F</string>
					<string>D74EE72DB86D80070F7849AB</string>
					<string>4167F127380B0C1F252B7FFC</string>
					<string>BD3009DA85F81B966EF0D008</string>
					<string>AB18FF4B8A5160F1AE00A25F</string>
					<string>A984A0B78CEFDA3DA2013FEC</string>
					<string>662F7D0ED9FDC77CAEF95D23</string>
					<string>A0BC68C6C5BA4AD81E1343E4</string>
					<string>F19D5ADDB295206E2D11D022</string>
					<string>D0D36A2F928EA0616E0B627E</string>
					<string>564E48B1C3AACE6F032AA909</string>
					<string>20C5D4414D9A9E6135835F45</string>
				</array>
				<key>isa</key>
				<string>PBXGroup</string>
				<key>name</key>
				<string>src</string>
				<key>sourceTree</key>
				<string>&lt;group&gt;</string>
			</dict>
			<key>157A2C65AD89F30A11EAE48C</key>
			<dict>
				<key>children</key>
				<array>
					<string>394ADE714A1F85E60B5618AB</string>
				</array>
				<key>isa</key>
				<string>PBXGroup</string>
				<key>name</key>
				<string>ofxControl</string>
				<key>sourceTree</key>
				<string>&lt;group&gt;</string>
			</dict>
			<key>7E0D2586B97EF28DB0017DB3</key>
			<dict>
				<key>fileRef</key>
				<string>404909ACC5528A446F86752C</string>
				<key>isa</key>
				<string>PBXBuildFile</string>
			</dict>
			<key>404909ACC5528A446F86752C</key>
			<dict>
				<key>explicitFileType</key>
				<string>sourcecode.cpp.cpp</string>
				<key>fileEncoding</key>
				<string>30</string>
				<key>isa</key>
				<string>PBXFileReference</string>
				<key>name</key>
				<string>Base64.cpp</string>
				<key>path</key>
				<string>../../../addons/ofxControl/src/Base64.cpp</string>
				<key>sourceTree</key>
				<string>SOURCE_ROOT</string>
			</dict>
			<key>38FE61343CC727D1E0C7F54A</key>
			<dict>
				<key>explicitFileType</key>
				<string>sourcecode.c.h</string>
				<key>fileEncoding</key>
				<string>30</string>
				<key>isa</key>
				<string>PBXFileReference</string>
				<key>name</key>
				<string>NonThreadedBpm.h</string>
				<key>path</key>
				<string>src/NonThreadedBpm.h</string>
				<key>sourceTree</key>
				<string>SOURCE_ROOT</string>
			</dict>
			<key>65FFBEA5AF9BFB392F92337B</key>
			<dict>
				<key>explicitFileType</key>
				<string>sourcecode.c.h</string>
				<key>fileEncoding</key>
				<string>30</string>
				<key>isa</key>
				<string>PBXFileReference</string>
				<key>name</key>
				<string>KinectV2TrackedSkeleton.h</string>
				<key>path</key>
				<string>src/KinectV2TrackedSkeleton.h</string>
				<key>sourceTree</key>
				<string>SOURCE_ROOT</string>
			</dict>
			<key>54945A33B278F81CA12869F0</key>
			<dict>
				<key>fileRef</key>
				<string>A5A1A1CB20847D1B739A010C</string>
				<key>isa</key>
				<string>PBXBuildFile</string>
			</dict>
			<key>A5A1A1CB20847D1B739A010C</key>
			<dict>
				<key>explicitFileType</key>
				<string>sourcecode.cpp.cpp</string>
				<key>fileEncoding</key>
				<string>30</string>
				<key>isa</key>
				<string>PBXFileReference</string>
				<key>name</key>
				<string>KinectV2TrackedSkeleton.cpp</string>
				<key>path</key>
				<string>src/KinectV2TrackedSkeleton.cpp</string>
				<key>sourceTree</key>
				<string>SOURCE_ROOT</string>
			</dict>
			<key>12821227AC5478CADEF36302</key>
			<dict>
				<key>explicitFileType</key>
				<string>sourcecode.c.h</string>
				<key>fileEncoding</key>
				<string>30</string>
				<key>isa</key>
				<string>PBXFileReference</string>
				<key>name</key>
				<string>KinectV2Classifier.h</string>
				<key>path</key>
				<string>src/KinectV2Classifier.h</string>
				<key>sourceTree</key>
				<string>SOURCE_ROOT</string>
			</dict>
			<key>B001623551DAFB1AD447A165</key>
			<dict>
				<key>fileRef</key>
				<string>C431ABE99FABF8D3AD70289E</string>
				<key>isa</key>
				<string>PBXBuildFile</string>
			</dict>
			<key>C431ABE99FABF8D3AD70289E</key>
			<dict>
				<key>explicitFileType</key>
				<string>sourcecode.cpp.cpp</string>
				<key>fileEncoding</key>
				<string>30</string>
				<key>isa</key>
				<string>PBXFileReference</string>
				<key>name</key>
				<string>KinectV2Classifier.cpp</string>
				<key>path</key>
				<string>src/KinectV2Classifier.cpp</string>
				<key>sourceTree</key>
				<string>SOURCE_ROOT</string>
			</dict>
			<key>6E4AC5B1A866F12C00C1187C</key>
			<dict>
				<key>explicitFileType</key>
				<string>sourcecode.c.h</string>
				<key>fileEncoding</key>
				<string>30</string>
				<key>isa</key>
				<string>PBXFileReference</string>
				<key>name</key>
				<string>KinectV2.h</string>
				<key>path</key>
				<string>src/KinectV2.h</string>
				<key>sourceTree</key>
				<string>SOURCE_ROOT</string>
			</dict>
			<key>8DC9BAFD30627E79347B8417</key>
			<dict>
				<key>fileRef</key>
				<string>86FDCFD21A515E82446D3B07</string>
				<key>isa</key>
				<string>PBXBuildFile</string>
			</dict>
			<key>86FDCFD21A515E82446D3B07</key>
			<dict>
				<key>explicitFileType</key>
				<string>sourcecode.cpp.cpp</string>
				<key>fileEncoding</key>
				<string>30</string>
				<key>isa</key>
				<string>PBXFileReference</string>
				<key>name</key>
				<string>KinectV2.cpp</string>
				<key>path</key>
				<string>src/KinectV2.cpp</string>
				<key>sourceTree</key>
				<string>SOURCE_ROOT</string>
			</dict>
			<key>BB4B014C10F69532006C3DED</key>
			<dict>
				<key>children</key>
				<array>
					<string>157A2C65AD89F30A11EAE48C</string>
					<string>FF5990F8E3BEC12AC1E5D465</string>
					<string>56D233F3C7EBCCB4AA95731A</string>
					<string>E6053AB7FEC63D5F83825B88</string>
					<string>FAF3C98005AB368C2280B1FB</string>
				</array>
				<key>isa</key>
				<string>PBXGroup</string>
				<key>name</key>
				<string>addons</string>
				<key>sourceTree</key>
				<string>&lt;group&gt;</string>
			</dict>
			<key>6948EE371B920CB800B5AC1A</key>
			<dict>
				<key>children</key>
				<array />
				<key>isa</key>
				<string>PBXGroup</string>
				<key>name</key>
				<string>local_addons</string>
				<key>sourceTree</key>
				<string>&lt;group&gt;</string>
			</dict>
			<key>E4328143138ABC890047C5CB</key>
			<dict>
				<key>isa</key>
				<string>PBXFileReference</string>
				<key>lastKnownFileType</key>
				<string>wrapper.pb-project</string>
				<key>name</key>
				<string>openFrameworksLib.xcodeproj</string>
				<key>path</key>
				<string>../../../libs/openFrameworksCompiled/project/osx/openFrameworksLib.xcodeproj</string>
				<key>sourceTree</key>
				<string>SOURCE_ROOT</string>
			</dict>
			<key>E4328144138ABC890047C5CB</key>
			<dict>
				<key>children</key>
				<array>
					<string>E4328148138ABC890047C5CB</string>
				</array>
				<key>isa</key>
				<string>PBXGroup</string>
				<key>name</key>
				<string>Products</string>
				<key>sourceTree</key>
				<string>&lt;group&gt;</string>
			</dict>
			<key>E4328147138ABC890047C5CB</key>
			<dict>
				<key>containerPortal</key>
				<string>E4328143138ABC890047C5CB</string>
				<key>isa</key>
				<string>PBXContainerItemProxy</string>
				<key>proxyType</key>
				<string>2</string>
				<key>remoteGlobalIDString</key>
				<string>E4B27C1510CBEB8E00536013</string>
				<key>remoteInfo</key>
				<string>openFrameworks</string>
			</dict>
			<key>E4328148138ABC890047C5CB</key>
			<dict>
				<key>fileType</key>
				<string>archive.ar</string>
				<key>isa</key>
				<string>PBXReferenceProxy</string>
				<key>path</key>
				<string>openFrameworksDebug.a</string>
				<key>remoteRef</key>
				<string>E4328147138ABC890047C5CB</string>
				<key>sourceTree</key>
				<string>BUILT_PRODUCTS_DIR</string>
			</dict>
			<key>E4328149138ABC9F0047C5CB</key>
			<dict>
				<key>fileRef</key>
				<string>E4328148138ABC890047C5CB</string>
				<key>isa</key>
				<string>PBXBuildFile</string>
			</dict>
			<key>E4B69B4A0A3A1720003C02F2</key>
			<dict>
				<key>children</key>
				<array>
					<string>E4B6FCAD0C3E899E008CF71C</string>
					<string>E4EB6923138AFD0F00A09F29</string>
					<string>E4B69E1C0A3A1BDC003C02F2</string>
					<string>E4EEC9E9138DF44700A80321</string>
					<string>BB4B014C10F69532006C3DED</string>
					<string>6948EE371B920CB800B5AC1A</string>
					<string>E4B69B5B0A3A1756003C02F2</string>
				</array>
				<key>isa</key>
				<string>PBXGroup</string>
				<key>sourceTree</key>
				<string>&lt;group&gt;</string>
			</dict>
			<key>E4B69B4C0A3A1720003C02F2</key>
			<dict>
				<key>attributes</key>
				<dict>
					<key>LastUpgradeCheck</key>
					<string>0600</string>
				</dict>
				<key>buildConfigurationList</key>
				<string>E4B69B4D0A3A1720003C02F2</string>
				<key>compatibilityVersion</key>
				<string>Xcode 3.2</string>
				<key>developmentRegion</key>
				<string>English</string>
				<key>hasScannedForEncodings</key>
				<string>0</string>
				<key>isa</key>
				<string>PBXProject</string>
				<key>knownRegions</key>
				<array>
					<string>English</string>
					<string>Japanese</string>
					<string>French</string>
					<string>German</string>
				</array>
				<key>mainGroup</key>
				<string>E4B69B4A0A3A1720003C02F2</string>
				<key>productRefGroup</key>
				<string>E4B69B4A0A3A1720003C02F2</string>
				<key>projectDirPath</key>
				<string />
				<key>projectReferences</key>
				<array>
					<dict>
						<key>ProductGroup</key>
						<string>E4328144138ABC890047C5CB</string>
						<key>ProjectRef</key>
						<string>E4328143138ABC890047C5CB</string>
					</dict>
				</array>
				<key>projectRoot</key>
				<string />
				<key>targets</key>
				<array>
					<string>E4B69B5A0A3A1756003C02F2</string>
				</array>
			</dict>
			<key>E4B69B4D0A3A1720003C02F2</key>
			<dict>
				<key>buildConfigurations</key>
				<array>
					<string>E4B69B4E0A3A1720003C02F2</string>
					<string>E4B69B4F0A3A1720003C02F2</string>
				</array>
				<key>defaultConfigurationIsVisible</key>
				<string>0</string>
				<key>defaultConfigurationName</key>
				<string>Release</string>
				<key>isa</key>
				<string>XCConfigurationList</string>
			</dict>
			<key>E4B69B4E0A3A1720003C02F2</key>
			<dict>
				<key>baseConfigurationReference</key>
				<string>E4EB6923138AFD0F00A09F29</string>
				<key>buildSettings</key>
				<dict>
					<key>HEADER_SEARCH_PATHS</key>
					<array>
						<string>$(OF_CORE_HEADERS)</string>
						<string>src</string>
						<string>../../../addons/ofxControl/src</string>
						<string>../../../addons/ofxKinectV2-OSC/src</string>
						<string>../../../addons/ofxKinectV2-OSC/src/Body</string>
						<string>../../../addons/ofxKinectV2-OSC/src/DataTransform</string>
						<string>../../../addons/ofxKinectV2-OSC/src/Draw</string>
						<string>../../../addons/ofxKinectV2-OSC/src/FeatureTracker</string>
						<string>../../../addons/ofxLearn/libs</string>
						<string>../../../addons/ofxLearn/src</string>
						<string>../../../addons/ofxOsc/libs</string>
						<string>../../../addons/ofxOsc/libs/oscpack</string>
						<string>../../../addons/ofxOsc/libs/oscpack/src</string>
						<string>../../../addons/ofxOsc/libs/oscpack/src/ip</string>
						<string>../../../addons/ofxOsc/libs/oscpack/src/ip/posix</string>
						<string>../../../addons/ofxOsc/libs/oscpack/src/ip/win32</string>
						<string>../../../addons/ofxOsc/libs/oscpack/src/osc</string>
						<string>../../../addons/ofxOsc/src</string>
						<string>../../../addons/ofxSpreadsheet/src</string>
					</array>
					<key>CONFIGURATION_BUILD_DIR</key>
					<string>$(SRCROOT)/bin/</string>
					<key>COPY_PHASE_STRIP</key>
					<string>NO</string>
					<key>DEAD_CODE_STRIPPING</key>
					<string>YES</string>
					<key>GCC_AUTO_VECTORIZATION</key>
					<string>YES</string>
					<key>GCC_ENABLE_SSE3_EXTENSIONS</key>
					<string>YES</string>
					<key>GCC_ENABLE_SUPPLEMENTAL_SSE3_INSTRUCTIONS</key>
					<string>YES</string>
					<key>GCC_INLINES_ARE_PRIVATE_EXTERN</key>
					<string>NO</string>
					<key>GCC_OPTIMIZATION_LEVEL</key>
					<string>0</string>
					<key>GCC_SYMBOLS_PRIVATE_EXTERN</key>
					<string>NO</string>
					<key>GCC_WARN_ABOUT_DEPRECATED_FUNCTIONS</key>
					<string>YES</string>
					<key>GCC_WARN_ABOUT_INVALID_OFFSETOF_MACRO</key>
					<string>NO</string>
					<key>GCC_WARN_ALLOW_INCOMPLETE_PROTOCOL</key>
					<string>NO</string>
					<key>GCC_WARN_UNINITIALIZED_AUTOS</key>
					<string>NO</string>
					<key>GCC_WARN_UNUSED_VALUE</key>
					<string>NO</string>
					<key>GCC_WARN_UNUSED_VARIABLE</key>
					<string>NO</string>
					<key>MACOSX_DEPLOYMENT_TARGET</key>
					<string>10.8</string>
					<key>ONLY_ACTIVE_ARCH</key>
					<string>YES</string>
					<key>OTHER_CPLUSPLUSFLAGS</key>
					<array>
						<string>-D__MACOSX_CORE__</string>
						<string>-mtune=native</string>
					</array>
					<key>SDKROOT</key>
					<string>macosx</string>
				</dict>
				<key>isa</key>
				<string>XCBuildConfiguration</string>
				<key>name</key>
				<string>Debug</string>
			</dict>
			<key>E4B69B4F0A3A1720003C02F2</key>
			<dict>
				<key>baseConfigurationReference</key>
				<string>E4EB6923138AFD0F00A09F29</string>
				<key>buildSettings</key>
				<dict>
					<key>HEADER_SEARCH_PATHS</key>
					<array>
						<string>$(OF_CORE_HEADERS)</string>
						<string>src</string>
						<string>../../../addons/ofxControl/src</string>
						<string>../../../addons/ofxKinectV2-OSC/src</string>
						<string>../../../addons/ofxKinectV2-OSC/src/Body</string>
						<string>../../../addons/ofxKinectV2-OSC/src/DataTransform</string>
						<string>../../../addons/ofxKinectV2-OSC/src/Draw</string>
						<string>../../../addons/ofxKinectV2-OSC/src/FeatureTracker</string>
						<string>../../../addons/ofxLearn/libs</string>
						<string>../../../addons/ofxLearn/src</string>
						<string>../../../addons/ofxOsc/libs</string>
						<string>../../../addons/ofxOsc/libs/oscpack</string>
						<string>../../../addons/ofxOsc/libs/oscpack/src</string>
						<string>../../../addons/ofxOsc/libs/oscpack/src/ip</string>
						<string>../../../addons/ofxOsc/libs/oscpack/src/ip/posix</string>
						<string>../../../addons/ofxOsc/libs/oscpack/src/ip/win32</string>
						<string>../../../addons/ofxOsc/libs/oscpack/src/osc</string>
						<string>../../../addons/ofxOsc/src</string>
						<string>../../../addons/ofxSpreadsheet/src</string>
					</array>
					<key>CONFIGURATION_BUILD_DIR</key>
					<string>$(SRCROOT)/bin/</string>
					<key>COPY_PHASE_STRIP</key>
					<string>YES</string>
					<key>DEAD_CODE_STRIPPING</key>
					<string>YES</string>
					<key>GCC_AUTO_VECTORIZATION</key>
					<string>YES</string>
					<key>GCC_ENABLE_SSE3_EXTENSIONS</key>
					<string>YES</string>
					<key>GCC_ENABLE_SUPPLEMENTAL_SSE3_INSTRUCTIONS</key>
					<string>YES</string>
					<key>GCC_INLINES_ARE_PRIVATE_EXTERN</key>
					<string>NO</string>
					<key>GCC_OPTIMIZATION_LEVEL</key>
					<string>3</string>
					<key>GCC_SYMBOLS_PRIVATE_EXTERN</key>
					<string>NO</string>
					<key>GCC_UNROLL_LOOPS</key>
					<string>YES</string>
					<key>GCC_WARN_ABOUT_DEPRECATED_FUNCTIONS</key>
					<string>YES</string>
					<key>GCC_WARN_ABOUT_INVALID_OFFSETOF_MACRO</key>
					<string>NO</string>
					<key>GCC_WARN_ALLOW_INCOMPLETE_PROTOCOL</key>
					<string>NO</string>
					<key>GCC_WARN_UNINITIALIZED_AUTOS</key>
					<string>NO</string>
					<key>GCC_WARN_UNUSED_VALUE</key>
					<string>NO</string>
					<key>GCC_WARN_UNUSED_VARIABLE</key>
					<string>NO</string>
					<key>MACOSX_DEPLOYMENT_TARGET</key>
					<string>10.8</string>
					<key>OTHER_CPLUSPLUSFLAGS</key>
					<array>
						<string>-D__MACOSX_CORE__</string>
						<string>-mtune=native</string>
					</array>
					<key>SDKROOT</key>
					<string>macosx</string>
				</dict>
				<key>isa</key>
				<string>XCBuildConfiguration</string>
				<key>name</key>
				<string>Release</string>
			</dict>
			<key>E4B69B580A3A1756003C02F2</key>
			<dict>
				<key>buildActionMask</key>
				<string>2147483647</string>
				<key>files</key>
				<array>
					<string>E4B69E200A3A1BDC003C02F2</string>
					<string>E4B69E210A3A1BDC003C02F2</string>
					<string>8DC9BAFD30627E79347B8417</string>
					<string>B001623551DAFB1AD447A165</string>
					<string>54945A33B278F81CA12869F0</string>
					<string>7E0D2586B97EF28DB0017DB3</string>
					<string>FF7BA513209CDD286F654554</string>
					<string>F1440B2964FFEB3D7AC16B22</string>
					<string>C3FEF526228167DB279C9FF5</string>
					<string>C597C10C7D9050F80877DD20</string>
					<string>5E4226BDBF92E688E1485262</string>
					<string>83DE18C337910BECFBAF93EC</string>
					<string>8214BBF315F3FE8E7AA53A09</string>
					<string>ADEF2710D82C61E7575D77D6</string>
					<string>95EA8D90BEDFB3F392C5FC19</string>
					<string>D05B2602C55B08AC8246D30B</string>
					<string>3480F2593A7D2D1185A58BD2</string>
					<string>B105619F131F2CBAAD643A04</string>
					<string>87EF2AD666DD3859D3EAC437</string>
					<string>17702BA79B8951D3E67D731E</string>
					<string>FA337D41E6D268A025CF8F87</string>
					<string>54D2AFE4CAB9E9987184B8CB</string>
					<string>5B19D7CDA0DA2D6E32C98BFB</string>
					<string>CF73E623A0339945CEE95761</string>
					<string>7AD6D29D26362072A946396B</string>
					<string>65409860C43A30769CCA1948</string>
					<string>2441ABB8D077D1710B674B6B</string>
					<string>C63E3138C0C0B49FE26B6DC2</string>
					<string>DF0E23207448D9B0A01099DE</string>
					<string>C0788BDE2AA497B48C2B6F85</string>
					<string>8B4B9605C076F9088F028D61</string>
					<string>66BBA05BD1EC05BD23DCBD7E</string>
					<string>EF7D9DE651311EAEAB5DE8EC</string>
					<string>9780A09AECE86A91413F1249</string>
					<string>6847664D0060F42AEBB4E101</string>
					<string>C99C59EB5A00132F22624A2D</string>
					<string>583F4D6BAFB78B6B63EAE8AF</string>
					<string>03D5C4D97248313384263DB8</string>
					<string>BEC992F9F345765B800F6257</string>
					<string>F8C594EDF5A25FA2F042074C</string>
					<string>D06D0B40E2596F7C2A58F39F</string>
					<string>72A929D3561B8232A182ABFC</string>
					<string>5864AD82E20F15536D054EA3</string>
					<string>4ADB88E2FB52E76A471065DE</string>
					<string>640279EE111671BD026CB013</string>
					<string>8F5205AEF8861EF234F0651A</string>
					<string>ADE367465D2A8EBAD4C7A8D9</string>
					<string>67FE4C7B15C2F0478C8126C2</string>
					<string>510CAFE035E576A4E1502D52</string>
					<string>62545D179C94265CA1389D4A</string>
					<string>C4782ECC372420ACE0615B74</string>
					<string>0546D1A38E13BD319CC9755B</string>
					<string>879A251454401BC0B6E4F238</string>
					<string>1A8D816B38E38D1773A8B963</string>
				</array>
				<key>isa</key>
				<string>PBXSourcesBuildPhase</string>
				<key>runOnlyForDeploymentPostprocessing</key>
				<string>0</string>
			</dict>
			<key>E4B69B590A3A1756003C02F2</key>
			<dict>
				<key>buildActionMask</key>
				<string>2147483647</string>
				<key>files</key>
				<array>
					<string>E4328149138ABC9F0047C5CB</string>
				</array>
				<key>isa</key>
				<string>PBXFrameworksBuildPhase</string>
				<key>runOnlyForDeploymentPostprocessing</key>
				<string>0</string>
			</dict>
			<key>E4B69B5A0A3A1756003C02F2</key>
			<dict>
				<key>buildConfigurationList</key>
				<string>E4B69B5F0A3A1757003C02F2</string>
				<key>buildPhases</key>
				<array>
					<string>E4B69B580A3A1756003C02F2</string>
					<string>E4B69B590A3A1756003C02F2</string>
					<string>E4B6FFFD0C3F9AB9008CF71C</string>
					<string>E4C2427710CC5ABF004149E2</string>
				</array>
				<key>buildRules</key>
				<array />
				<key>dependencies</key>
				<array>
					<string>E4EEB9AC138B136A00A80321</string>
				</array>
				<key>isa</key>
				<string>PBXNativeTarget</string>
				<key>name</key>
				<string>Blink</string>
				<key>productName</key>
				<string>myOFApp</string>
				<key>productReference</key>
				<string>E4B69B5B0A3A1756003C02F2</string>
				<key>productType</key>
				<string>com.apple.product-type.application</string>
			</dict>
			<key>E4B69B5B0A3A1756003C02F2</key>
			<dict>
				<key>explicitFileType</key>
				<string>wrapper.application</string>
				<key>includeInIndex</key>
				<string>0</string>
				<key>isa</key>
				<string>PBXFileReference</string>
				<key>path</key>
				<string>BlinkDebug.app</string>
				<key>sourceTree</key>
				<string>BUILT_PRODUCTS_DIR</string>
			</dict>
			<key>E4B69B5F0A3A1757003C02F2</key>
			<dict>
				<key>buildConfigurations</key>
				<array>
					<string>E4B69B600A3A1757003C02F2</string>
					<string>E4B69B610A3A1757003C02F2</string>
				</array>
				<key>defaultConfigurationIsVisible</key>
				<string>0</string>
				<key>defaultConfigurationName</key>
				<string>Release</string>
				<key>isa</key>
				<string>XCConfigurationList</string>
			</dict>
			<key>E4B69B600A3A1757003C02F2</key>
			<dict>
				<key>baseConfigurationReference</key>
				<string>E4EB6923138AFD0F00A09F29</string>
				<key>buildSettings</key>
				<dict>
					<key>HEADER_SEARCH_PATHS</key>
					<array>
						<string>$(OF_CORE_HEADERS)</string>
						<string>src</string>
						<string>../../../addons/ofxControl/src</string>
						<string>../../../addons/ofxKinectV2-OSC/src</string>
						<string>../../../addons/ofxKinectV2-OSC/src/Body</string>
						<string>../../../addons/ofxKinectV2-OSC/src/DataTransform</string>
						<string>../../../addons/ofxKinectV2-OSC/src/Draw</string>
						<string>../../../addons/ofxKinectV2-OSC/src/FeatureTracker</string>
						<string>../../../addons/ofxLearn/libs</string>
						<string>../../../addons/ofxLearn/src</string>
						<string>../../../addons/ofxOsc/libs</string>
						<string>../../../addons/ofxOsc/libs/oscpack</string>
						<string>../../../addons/ofxOsc/libs/oscpack/src</string>
						<string>../../../addons/ofxOsc/libs/oscpack/src/ip</string>
						<string>../../../addons/ofxOsc/libs/oscpack/src/ip/posix</string>
						<string>../../../addons/ofxOsc/libs/oscpack/src/ip/win32</string>
						<string>../../../addons/ofxOsc/libs/oscpack/src/osc</string>
						<string>../../../addons/ofxOsc/src</string>
						<string>../../../addons/ofxSpreadsheet/src</string>
					</array>
					<key>COMBINE_HIDPI_IMAGES</key>
					<string>YES</string>
					<key>COPY_PHASE_STRIP</key>
					<string>NO</string>
					<key>FRAMEWORK_SEARCH_PATHS</key>
					<array>
						<string>$(inherited)</string>
						<string>$(FRAMEWORK_SEARCH_PATHS_QUOTED_FOR_TARGET_1)</string>
					</array>
					<key>FRAMEWORK_SEARCH_PATHS_QUOTED_FOR_TARGET_1</key>
					<string>"$(SRCROOT)/../../../libs/glut/lib/osx"</string>
					<key>GCC_DYNAMIC_NO_PIC</key>
					<string>NO</string>
					<key>GCC_GENERATE_DEBUGGING_SYMBOLS</key>
					<string>YES</string>
					<key>GCC_MODEL_TUNING</key>
					<string>NONE</string>
					<key>ICON</key>
					<string>$(ICON_NAME_DEBUG)</string>
					<key>ICON_FILE</key>
					<string>$(ICON_FILE_PATH)$(ICON)</string>
					<key>INFOPLIST_FILE</key>
					<string>openFrameworks-Info.plist</string>
					<key>INSTALL_PATH</key>
					<string>$(HOME)/Applications</string>
					<key>LIBRARY_SEARCH_PATHS</key>
					<string>$(inherited)</string>
					<key>PRODUCT_NAME</key>
					<string>$(TARGET_NAME)Debug</string>
					<key>WRAPPER_EXTENSION</key>
					<string>app</string>
				</dict>
				<key>isa</key>
				<string>XCBuildConfiguration</string>
				<key>name</key>
				<string>Debug</string>
			</dict>
			<key>E4B69B610A3A1757003C02F2</key>
			<dict>
				<key>baseConfigurationReference</key>
				<string>E4EB6923138AFD0F00A09F29</string>
				<key>buildSettings</key>
				<dict>
					<key>HEADER_SEARCH_PATHS</key>
					<array>
						<string>$(OF_CORE_HEADERS)</string>
						<string>src</string>
						<string>../../../addons/ofxControl/src</string>
						<string>../../../addons/ofxKinectV2-OSC/src</string>
						<string>../../../addons/ofxKinectV2-OSC/src/Body</string>
						<string>../../../addons/ofxKinectV2-OSC/src/DataTransform</string>
						<string>../../../addons/ofxKinectV2-OSC/src/Draw</string>
						<string>../../../addons/ofxKinectV2-OSC/src/FeatureTracker</string>
						<string>../../../addons/ofxLearn/libs</string>
						<string>../../../addons/ofxLearn/src</string>
						<string>../../../addons/ofxOsc/libs</string>
						<string>../../../addons/ofxOsc/libs/oscpack</string>
						<string>../../../addons/ofxOsc/libs/oscpack/src</string>
						<string>../../../addons/ofxOsc/libs/oscpack/src/ip</string>
						<string>../../../addons/ofxOsc/libs/oscpack/src/ip/posix</string>
						<string>../../../addons/ofxOsc/libs/oscpack/src/ip/win32</string>
						<string>../../../addons/ofxOsc/libs/oscpack/src/osc</string>
						<string>../../../addons/ofxOsc/src</string>
						<string>../../../addons/ofxSpreadsheet/src</string>
					</array>
					<key>COMBINE_HIDPI_IMAGES</key>
					<string>YES</string>
					<key>COPY_PHASE_STRIP</key>
					<string>YES</string>
					<key>FRAMEWORK_SEARCH_PATHS</key>
					<array>
						<string>$(inherited)</string>
						<string>$(FRAMEWORK_SEARCH_PATHS_QUOTED_FOR_TARGET_1)</string>
					</array>
					<key>FRAMEWORK_SEARCH_PATHS_QUOTED_FOR_TARGET_1</key>
					<string>"$(SRCROOT)/../../../libs/glut/lib/osx"</string>
					<key>GCC_GENERATE_DEBUGGING_SYMBOLS</key>
					<string>YES</string>
					<key>GCC_MODEL_TUNING</key>
					<string>NONE</string>
					<key>ICON</key>
					<string>$(ICON_NAME_RELEASE)</string>
					<key>ICON_FILE</key>
					<string>$(ICON_FILE_PATH)$(ICON)</string>
					<key>INFOPLIST_FILE</key>
					<string>openFrameworks-Info.plist</string>
					<key>INSTALL_PATH</key>
					<string>$(HOME)/Applications</string>
					<key>LIBRARY_SEARCH_PATHS</key>
					<string>$(inherited)</string>
					<key>PRODUCT_NAME</key>
					<string>$(TARGET_NAME)</string>
					<key>WRAPPER_EXTENSION</key>
					<string>app</string>
					<key>baseConfigurationReference</key>
					<string>E4EB6923138AFD0F00A09F29</string>
				</dict>
				<key>isa</key>
				<string>XCBuildConfiguration</string>
				<key>name</key>
				<string>Release</string>
			</dict>
			<key>E4B69E1C0A3A1BDC003C02F2</key>
			<dict>
				<key>children</key>
				<array>
					<string>E4B69E1D0A3A1BDC003C02F2</string>
					<string>E4B69E1E0A3A1BDC003C02F2</string>
					<string>E4B69E1F0A3A1BDC003C02F2</string>
					<string>86FDCFD21A515E82446D3B07</string>
					<string>6E4AC5B1A866F12C00C1187C</string>
					<string>C431ABE99FABF8D3AD70289E</string>
					<string>12821227AC5478CADEF36302</string>
					<string>A5A1A1CB20847D1B739A010C</string>
					<string>65FFBEA5AF9BFB392F92337B</string>
					<string>38FE61343CC727D1E0C7F54A</string>
				</array>
				<key>isa</key>
				<string>PBXGroup</string>
				<key>path</key>
				<string>src</string>
				<key>sourceTree</key>
				<string>SOURCE_ROOT</string>
			</dict>
			<key>E4B69E1D0A3A1BDC003C02F2</key>
			<dict>
				<key>fileEncoding</key>
				<string>30</string>
				<key>isa</key>
				<string>PBXFileReference</string>
				<key>lastKnownFileType</key>
				<string>sourcecode.cpp.cpp</string>
				<key>name</key>
				<string>main.cpp</string>
				<key>path</key>
				<string>src/main.cpp</string>
				<key>sourceTree</key>
				<string>SOURCE_ROOT</string>
			</dict>
			<key>E4B69E1E0A3A1BDC003C02F2</key>
			<dict>
				<key>explicitFileType</key>
				<string>sourcecode.cpp.cpp</string>
				<key>fileEncoding</key>
				<string>30</string>
				<key>isa</key>
				<string>PBXFileReference</string>
				<key>name</key>
				<string>ofApp.cpp</string>
				<key>path</key>
				<string>src/ofApp.cpp</string>
				<key>sourceTree</key>
				<string>SOURCE_ROOT</string>
			</dict>
			<key>E4B69E1F0A3A1BDC003C02F2</key>
			<dict>
				<key>fileEncoding</key>
				<string>30</string>
				<key>isa</key>
				<string>PBXFileReference</string>
				<key>lastKnownFileType</key>
				<string>sourcecode.c.h</string>
				<key>name</key>
				<string>ofApp.h</string>
				<key>path</key>
				<string>src/ofApp.h</string>
				<key>sourceTree</key>
				<string>SOURCE_ROOT</string>
			</dict>
			<key>E4B69E200A3A1BDC003C02F2</key>
			<dict>
				<key>fileRef</key>
				<string>E4B69E1D0A3A1BDC003C02F2</string>
				<key>isa</key>
				<string>PBXBuildFile</string>
			</dict>
			<key>E4B69E210A3A1BDC003C02F2</key>
			<dict>
				<key>fileRef</key>
				<string>E4B69E1E0A3A1BDC003C02F2</string>
				<key>isa</key>
				<string>PBXBuildFile</string>
			</dict>
			<key>E4B6FCAD0C3E899E008CF71C</key>
			<dict>
				<key>fileEncoding</key>
				<string>30</string>
				<key>isa</key>
				<string>PBXFileReference</string>
				<key>lastKnownFileType</key>
				<string>text.plist.xml</string>
				<key>path</key>
				<string>openFrameworks-Info.plist</string>
				<key>sourceTree</key>
				<string>&lt;group&gt;</string>
			</dict>
			<key>E4B6FFFD0C3F9AB9008CF71C</key>
			<dict>
				<key>buildActionMask</key>
				<string>2147483647</string>
				<key>files</key>
				<array />
				<key>inputPaths</key>
				<array />
				<key>isa</key>
				<string>PBXShellScriptBuildPhase</string>
				<key>outputPaths</key>
				<array />
				<key>runOnlyForDeploymentPostprocessing</key>
				<string>0</string>
				<key>shellPath</key>
				<string>/bin/sh</string>
				<key>shellScript</key>
				<string>rsync -aved ../../../libs/fmodex/lib/osx/libfmodex.dylib "$TARGET_BUILD_DIR/$PRODUCT_NAME.app/Contents/MacOS/"; install_name_tool -change ./libfmodex.dylib @executable_path/libfmodex.dylib "$TARGET_BUILD_DIR/$PRODUCT_NAME.app/Contents/MacOS/$PRODUCT_NAME";
mkdir -p "$TARGET_BUILD_DIR/$PRODUCT_NAME.app/Contents/Resources/"
rsync -aved "$ICON_FILE" "$TARGET_BUILD_DIR/$PRODUCT_NAME.app/Contents/Resources/"
rsync -aved ../../../libs/glut/lib/osx/GLUT.framework "$TARGET_BUILD_DIR/$PRODUCT_NAME.app/Contents/Frameworks/"
</string>
			</dict>
			<key>E4C2427710CC5ABF004149E2</key>
			<dict>
				<key>buildActionMask</key>
				<string>2147483647</string>
				<key>dstPath</key>
				<string />
				<key>dstSubfolderSpec</key>
				<string>10</string>
				<key>files</key>
				<array />
				<key>isa</key>
				<string>PBXCopyFilesBuildPhase</string>
				<key>runOnlyForDeploymentPostprocessing</key>
				<string>0</string>
			</dict>
			<key>E4EB691F138AFCF100A09F29</key>
			<dict>
				<key>fileEncoding</key>
				<string>4</string>
				<key>isa</key>
				<string>PBXFileReference</string>
				<key>lastKnownFileType</key>
				<string>text.xcconfig</string>
				<key>name</key>
				<string>CoreOF.xcconfig</string>
				<key>path</key>
				<string>../../../libs/openFrameworksCompiled/project/osx/CoreOF.xcconfig</string>
				<key>sourceTree</key>
				<string>SOURCE_ROOT</string>
			</dict>
			<key>E4EB6923138AFD0F00A09F29</key>
			<dict>
				<key>fileEncoding</key>
				<string>4</string>
				<key>isa</key>
				<string>PBXFileReference</string>
				<key>lastKnownFileType</key>
				<string>text.xcconfig</string>
				<key>path</key>
				<string>Project.xcconfig</string>
				<key>sourceTree</key>
				<string>&lt;group&gt;</string>
			</dict>
			<key>E4EEB9AB138B136A00A80321</key>
			<dict>
				<key>containerPortal</key>
				<string>E4328143138ABC890047C5CB</string>
				<key>isa</key>
				<string>PBXContainerItemProxy</string>
				<key>proxyType</key>
				<string>1</string>
				<key>remoteGlobalIDString</key>
				<string>E4B27C1410CBEB8E00536013</string>
				<key>remoteInfo</key>
				<string>openFrameworks</string>
			</dict>
			<key>E4EEB9AC138B136A00A80321</key>
			<dict>
				<key>isa</key>
				<string>PBXTargetDependency</string>
				<key>name</key>
				<string>openFrameworks</string>
				<key>targetProxy</key>
				<string>E4EEB9AB138B136A00A80321</string>
			</dict>
			<key>E4EEC9E9138DF44700A80321</key>
			<dict>
				<key>children</key>
				<array>
					<string>E4EB691F138AFCF100A09F29</string>
					<string>E4328143138ABC890047C5CB</string>
				</array>
				<key>isa</key>
				<string>PBXGroup</string>
				<key>name</key>
				<string>openFrameworks</string>
				<key>sourceTree</key>
				<string>&lt;group&gt;</string>
			</dict>
		</dict>
		<key>rootObject</key>
		<string>E4B69B4C0A3A1720003C02F2</string>
	</dict>
</plist>
